// !$*UTF8*$!
{
	archiveVersion = 1;
	classes = {
	};
	objectVersion = 46;
	objects = {

/* Begin PBXBuildFile section */
		1CBCAE604D034A3D507853F5 /* libPods.a in Frameworks */ = {isa = PBXBuildFile; fileRef = 33F211E45AE40AFBC16B8532 /* libPods.a */; };
		4F09262E1AF7FB1300A64AAF /* XCSnippetrTests.m in Sources */ = {isa = PBXBuildFile; fileRef = 4F09262D1AF7FB1300A64AAF /* XCSnippetrTests.m */; };
		4F09263D1AF7FC9D00A64AAF /* Info.plist in Resources */ = {isa = PBXBuildFile; fileRef = 4F0926371AF7FC9D00A64AAF /* Info.plist */; };
		4F09263E1AF7FC9D00A64AAF /* main.m in Sources */ = {isa = PBXBuildFile; fileRef = 4F0926381AF7FC9D00A64AAF /* main.m */; };
		4F09263F1AF7FC9D00A64AAF /* main.m in Sources */ = {isa = PBXBuildFile; fileRef = 4F0926381AF7FC9D00A64AAF /* main.m */; };
		4F0926401AF7FC9D00A64AAF /* MainMenu.xib in Resources */ = {isa = PBXBuildFile; fileRef = 4F0926391AF7FC9D00A64AAF /* MainMenu.xib */; };
		4F0926411AF7FC9D00A64AAF /* MainMenu.xib in Resources */ = {isa = PBXBuildFile; fileRef = 4F0926391AF7FC9D00A64AAF /* MainMenu.xib */; };
		4F1855A51AEE13C800AAF896 /* Images.xcassets in Resources */ = {isa = PBXBuildFile; fileRef = 4F1855A41AEE13C800AAF896 /* Images.xcassets */; };
		4F1AF6B71B004CAF006E8D1F /* NSObject+SmartDescription.m in Sources */ = {isa = PBXBuildFile; fileRef = 4F1AF6B61B004CAF006E8D1F /* NSObject+SmartDescription.m */; };
		4F1AF6B81B004CAF006E8D1F /* NSObject+SmartDescription.m in Sources */ = {isa = PBXBuildFile; fileRef = 4F1AF6B61B004CAF006E8D1F /* NSObject+SmartDescription.m */; };
		4F25D9A71AEEB49200E57436 /* NSWindow+Shake.m in Sources */ = {isa = PBXBuildFile; fileRef = 4F25D9A11AEEB49200E57436 /* NSWindow+Shake.m */; };
		4F25D9A91AEEB49200E57436 /* XCSLoginViewController.m in Sources */ = {isa = PBXBuildFile; fileRef = 4F25D9A61AEEB49200E57436 /* XCSLoginViewController.m */; };
		4F35AC821B74636300761884 /* NSString+RequestSerialization.m in Sources */ = {isa = PBXBuildFile; fileRef = 4FA3A38E1B2FEA770052A3A0 /* NSString+RequestSerialization.m */; };
		4F35AC851B7463F800761884 /* NSJSONSerialization+FileContent.m in Sources */ = {isa = PBXBuildFile; fileRef = 4F42386E1B2CB87A00D2CA79 /* NSJSONSerialization+FileContent.m */; };
		4F3A8D611AF41DF500DDE855 /* NSTextView+Placeholder.m in Sources */ = {isa = PBXBuildFile; fileRef = 4F3A8D601AF41DF500DDE855 /* NSTextView+Placeholder.m */; };
		4F40CBB21B2DD7DD0070E0D4 /* XCSAccount.m in Sources */ = {isa = PBXBuildFile; fileRef = 4F40CB9E1B2DD7DD0070E0D4 /* XCSAccount.m */; };
		4F40CBB31B2DD7DD0070E0D4 /* XCSAccount.m in Sources */ = {isa = PBXBuildFile; fileRef = 4F40CB9E1B2DD7DD0070E0D4 /* XCSAccount.m */; };
		4F40CBB51B2DD7DD0070E0D4 /* XCSBaseAPI.m in Sources */ = {isa = PBXBuildFile; fileRef = 4F40CBA01B2DD7DD0070E0D4 /* XCSBaseAPI.m */; };
		4F40CBB61B2DD7DD0070E0D4 /* XCSBaseAPI.m in Sources */ = {isa = PBXBuildFile; fileRef = 4F40CBA01B2DD7DD0070E0D4 /* XCSBaseAPI.m */; };
		4F40CBB81B2DD7DD0070E0D4 /* XCSSnippet.m in Sources */ = {isa = PBXBuildFile; fileRef = 4F40CBA21B2DD7DD0070E0D4 /* XCSSnippet.m */; };
		4F40CBB91B2DD7DD0070E0D4 /* XCSSnippet.m in Sources */ = {isa = PBXBuildFile; fileRef = 4F40CBA21B2DD7DD0070E0D4 /* XCSSnippet.m */; };
		4F40CBBB1B2DD7DD0070E0D4 /* GHBAPIClient.m in Sources */ = {isa = PBXBuildFile; fileRef = 4F40CBA51B2DD7DD0070E0D4 /* GHBAPIClient.m */; };
		4F40CBBC1B2DD7DD0070E0D4 /* GHBAPIClient.m in Sources */ = {isa = PBXBuildFile; fileRef = 4F40CBA51B2DD7DD0070E0D4 /* GHBAPIClient.m */; };
		4F40CBBE1B2DD7DD0070E0D4 /* SLKAPIClient.m in Sources */ = {isa = PBXBuildFile; fileRef = 4F40CBA91B2DD7DD0070E0D4 /* SLKAPIClient.m */; };
		4F40CBBF1B2DD7DD0070E0D4 /* SLKAPIClient.m in Sources */ = {isa = PBXBuildFile; fileRef = 4F40CBA91B2DD7DD0070E0D4 /* SLKAPIClient.m */; };
		4F40CBC11B2DD7DD0070E0D4 /* SLKRoom.m in Sources */ = {isa = PBXBuildFile; fileRef = 4F40CBAC1B2DD7DD0070E0D4 /* SLKRoom.m */; };
		4F40CBC21B2DD7DD0070E0D4 /* SLKRoom.m in Sources */ = {isa = PBXBuildFile; fileRef = 4F40CBAC1B2DD7DD0070E0D4 /* SLKRoom.m */; };
		4F40CBC41B2DD7DD0070E0D4 /* SLKRoomManager.m in Sources */ = {isa = PBXBuildFile; fileRef = 4F40CBAE1B2DD7DD0070E0D4 /* SLKRoomManager.m */; };
		4F40CBC51B2DD7DD0070E0D4 /* SLKRoomManager.m in Sources */ = {isa = PBXBuildFile; fileRef = 4F40CBAE1B2DD7DD0070E0D4 /* SLKRoomManager.m */; };
		4F40CBC71B2DD7DD0070E0D4 /* XCSServiceAPIFactory.m in Sources */ = {isa = PBXBuildFile; fileRef = 4F40CBB01B2DD7DD0070E0D4 /* XCSServiceAPIFactory.m */; };
		4F40CBC81B2DD7DD0070E0D4 /* XCSServiceAPIFactory.m in Sources */ = {isa = PBXBuildFile; fileRef = 4F40CBB01B2DD7DD0070E0D4 /* XCSServiceAPIFactory.m */; };
		4F4238681B2CAE5500D2CA79 /* auth.test.json in Resources */ = {isa = PBXBuildFile; fileRef = 4F4238661B2CAE5500D2CA79 /* auth.test.json */; };
		4F4238691B2CAE5500D2CA79 /* rtm.start.json in Resources */ = {isa = PBXBuildFile; fileRef = 4F4238671B2CAE5500D2CA79 /* rtm.start.json */; };
		4F42386B1B2CAE7300D2CA79 /* gist.test.json in Resources */ = {isa = PBXBuildFile; fileRef = 4F42386A1B2CAE7300D2CA79 /* gist.test.json */; };
		4F4282271AED92FA00133F7D /* XCSnippetrPlugin.m in Sources */ = {isa = PBXBuildFile; fileRef = 4F42821F1AED92F900133F7D /* XCSnippetrPlugin.m */; };
		4F48D0251AF69AF30017717D /* XCSLoginViewController.xib in Resources */ = {isa = PBXBuildFile; fileRef = 4F48D0211AF69AF30017717D /* XCSLoginViewController.xib */; };
		4F48D0281AF69BD90017717D /* InfoPlist.strings in Resources */ = {isa = PBXBuildFile; fileRef = 4F48D0261AF69BD90017717D /* InfoPlist.strings */; };
		4F48D0291AF69BD90017717D /* InfoPlist.strings in Resources */ = {isa = PBXBuildFile; fileRef = 4F48D0261AF69BD90017717D /* InfoPlist.strings */; };
		4F562CBE1AED95AB00A865CB /* Cocoa.framework in Frameworks */ = {isa = PBXBuildFile; fileRef = 4F562CBD1AED95AB00A865CB /* Cocoa.framework */; };
		4FA17DE61AF494FB0049D26F /* AppDelegate.m in Sources */ = {isa = PBXBuildFile; fileRef = 4FA17DE51AF494FB0049D26F /* AppDelegate.m */; };
		4FA17E011AF4981D0049D26F /* XCSLoginViewController.m in Sources */ = {isa = PBXBuildFile; fileRef = 4F25D9A61AEEB49200E57436 /* XCSLoginViewController.m */; };
		4FA17E021AF4981D0049D26F /* NSWindow+Shake.m in Sources */ = {isa = PBXBuildFile; fileRef = 4F25D9A11AEEB49200E57436 /* NSWindow+Shake.m */; };
		4FA17E031AF4981D0049D26F /* NSTextView+Placeholder.m in Sources */ = {isa = PBXBuildFile; fileRef = 4F3A8D601AF41DF500DDE855 /* NSTextView+Placeholder.m */; };
		4FA17E081AF498200049D26F /* Images.xcassets in Resources */ = {isa = PBXBuildFile; fileRef = 4F1855A41AEE13C800AAF896 /* Images.xcassets */; };
		4FA17E0D1AF552390049D26F /* Cocoa.framework in Frameworks */ = {isa = PBXBuildFile; fileRef = 4F562CBD1AED95AB00A865CB /* Cocoa.framework */; };
		4FA17E0E1AF5523E0049D26F /* AppKit.framework in Frameworks */ = {isa = PBXBuildFile; fileRef = 7CD9186519A7B46F00B814F8 /* AppKit.framework */; };
		4FA17E0F1AF552430049D26F /* Foundation.framework in Frameworks */ = {isa = PBXBuildFile; fileRef = 7CD9186719A7B46F00B814F8 /* Foundation.framework */; };
		4FA3A38F1B2FEA770052A3A0 /* NSString+RequestSerialization.m in Sources */ = {isa = PBXBuildFile; fileRef = 4FA3A38E1B2FEA770052A3A0 /* NSString+RequestSerialization.m */; };
		4FC8BA411AFE998F00388D13 /* XCSMainWindowController.m in Sources */ = {isa = PBXBuildFile; fileRef = 4FC8BA3F1AFE998F00388D13 /* XCSMainWindowController.m */; };
		4FC8BA421AFE998F00388D13 /* XCSMainWindowController.m in Sources */ = {isa = PBXBuildFile; fileRef = 4FC8BA3F1AFE998F00388D13 /* XCSMainWindowController.m */; };
		4FC8BA431AFE998F00388D13 /* XCSMainWindowController.xib in Resources */ = {isa = PBXBuildFile; fileRef = 4FC8BA401AFE998F00388D13 /* XCSMainWindowController.xib */; };
		4FC8BA441AFE998F00388D13 /* XCSMainWindowController.xib in Resources */ = {isa = PBXBuildFile; fileRef = 4FC8BA401AFE998F00388D13 /* XCSMainWindowController.xib */; };
		4FCD1E091AF9D6800039908A /* XCSLoginViewController.xib in Resources */ = {isa = PBXBuildFile; fileRef = 4F48D0211AF69AF30017717D /* XCSLoginViewController.xib */; };
		4FDDB6211B73E2DF0007A465 /* XCSBezelAlert.m in Sources */ = {isa = PBXBuildFile; fileRef = 4FDDB6201B73E2DF0007A465 /* XCSBezelAlert.m */; };
		4FDDB6221B73E2DF0007A465 /* XCSBezelAlert.m in Sources */ = {isa = PBXBuildFile; fileRef = 4FDDB6201B73E2DF0007A465 /* XCSBezelAlert.m */; };
		4FF217D51AF5EA4100A6AEF3 /* ACEModeNames+Extension.m in Sources */ = {isa = PBXBuildFile; fileRef = 4FF217D41AF5EA4100A6AEF3 /* ACEModeNames+Extension.m */; };
		4FF217D61AF5EA4100A6AEF3 /* ACEModeNames+Extension.m in Sources */ = {isa = PBXBuildFile; fileRef = 4FF217D41AF5EA4100A6AEF3 /* ACEModeNames+Extension.m */; };
		4FFBC26A1B74646C00D0D6B8 /* gist.test.json in Resources */ = {isa = PBXBuildFile; fileRef = 4F42386A1B2CAE7300D2CA79 /* gist.test.json */; };
		4FFBC26B1B74647000D0D6B8 /* rtm.start.json in Resources */ = {isa = PBXBuildFile; fileRef = 4F4238671B2CAE5500D2CA79 /* rtm.start.json */; };
		4FFBC26C1B74647200D0D6B8 /* auth.test.json in Resources */ = {isa = PBXBuildFile; fileRef = 4F4238661B2CAE5500D2CA79 /* auth.test.json */; };
		4FFBC26D1B74688500D0D6B8 /* XCSnippetrPlugin.m in Sources */ = {isa = PBXBuildFile; fileRef = 4F42821F1AED92F900133F7D /* XCSnippetrPlugin.m */; };
		5C6FB0BEACAE03B93F573EE7 /* libPods.a in Frameworks */ = {isa = PBXBuildFile; fileRef = 33F211E45AE40AFBC16B8532 /* libPods.a */; };
		7CD9186619A7B46F00B814F8 /* AppKit.framework in Frameworks */ = {isa = PBXBuildFile; fileRef = 7CD9186519A7B46F00B814F8 /* AppKit.framework */; };
		7CD9186819A7B46F00B814F8 /* Foundation.framework in Frameworks */ = {isa = PBXBuildFile; fileRef = 7CD9186719A7B46F00B814F8 /* Foundation.framework */; };
/* End PBXBuildFile section */

/* Begin PBXContainerItemProxy section */
		4F35AC831B7463B900761884 /* PBXContainerItemProxy */ = {
			isa = PBXContainerItemProxy;
			containerPortal = 7CD9185A19A7B46F00B814F8 /* Project object */;
			proxyType = 1;
			remoteGlobalIDString = 4FA17DDF1AF494FB0049D26F;
			remoteInfo = XCSnippetrApp;
		};
/* End PBXContainerItemProxy section */

/* Begin PBXFileReference section */
		13C57EC050B27A68CCDA7479 /* Pods.debug.xcconfig */ = {isa = PBXFileReference; includeInIndex = 1; lastKnownFileType = text.xcconfig; name = Pods.debug.xcconfig; path = "Pods/Target Support Files/Pods/Pods.debug.xcconfig"; sourceTree = "<group>"; };
		1E2031E9767AAD42CC3D2D95 /* Pods.release.xcconfig */ = {isa = PBXFileReference; includeInIndex = 1; lastKnownFileType = text.xcconfig; name = Pods.release.xcconfig; path = "Pods/Target Support Files/Pods/Pods.release.xcconfig"; sourceTree = "<group>"; };
		33F211E45AE40AFBC16B8532 /* libPods.a */ = {isa = PBXFileReference; explicitFileType = archive.ar; includeInIndex = 0; path = libPods.a; sourceTree = BUILT_PRODUCTS_DIR; };
		4F0926291AF7FB1300A64AAF /* XCSnippetrTests.xctest */ = {isa = PBXFileReference; explicitFileType = wrapper.cfbundle; includeInIndex = 0; path = XCSnippetrTests.xctest; sourceTree = BUILT_PRODUCTS_DIR; };
		4F09262C1AF7FB1300A64AAF /* Info.plist */ = {isa = PBXFileReference; lastKnownFileType = text.plist.xml; path = Info.plist; sourceTree = "<group>"; };
		4F09262D1AF7FB1300A64AAF /* XCSnippetrTests.m */ = {isa = PBXFileReference; lastKnownFileType = sourcecode.c.objc; path = XCSnippetrTests.m; sourceTree = "<group>"; };
		4F0926371AF7FC9D00A64AAF /* Info.plist */ = {isa = PBXFileReference; fileEncoding = 4; lastKnownFileType = text.plist.xml; path = Info.plist; sourceTree = "<group>"; };
		4F0926381AF7FC9D00A64AAF /* main.m */ = {isa = PBXFileReference; fileEncoding = 4; lastKnownFileType = sourcecode.c.objc; path = main.m; sourceTree = "<group>"; };
		4F0926391AF7FC9D00A64AAF /* MainMenu.xib */ = {isa = PBXFileReference; fileEncoding = 4; lastKnownFileType = file.xib; path = MainMenu.xib; sourceTree = "<group>"; };
		4F1855A41AEE13C800AAF896 /* Images.xcassets */ = {isa = PBXFileReference; lastKnownFileType = folder.assetcatalog; name = Images.xcassets; path = Resources/Images.xcassets; sourceTree = "<group>"; };
		4F1AF6B51B004CAF006E8D1F /* NSObject+SmartDescription.h */ = {isa = PBXFileReference; fileEncoding = 4; lastKnownFileType = sourcecode.c.h; path = "NSObject+SmartDescription.h"; sourceTree = "<group>"; };
		4F1AF6B61B004CAF006E8D1F /* NSObject+SmartDescription.m */ = {isa = PBXFileReference; fileEncoding = 4; lastKnownFileType = sourcecode.c.objc; path = "NSObject+SmartDescription.m"; sourceTree = "<group>"; };
		4F25D9A01AEEB49200E57436 /* NSWindow+Shake.h */ = {isa = PBXFileReference; fileEncoding = 4; lastKnownFileType = sourcecode.c.h; path = "NSWindow+Shake.h"; sourceTree = "<group>"; };
		4F25D9A11AEEB49200E57436 /* NSWindow+Shake.m */ = {isa = PBXFileReference; fileEncoding = 4; lastKnownFileType = sourcecode.c.objc; path = "NSWindow+Shake.m"; sourceTree = "<group>"; };
		4F25D9A51AEEB49200E57436 /* XCSLoginViewController.h */ = {isa = PBXFileReference; fileEncoding = 4; lastKnownFileType = sourcecode.c.h; path = XCSLoginViewController.h; sourceTree = "<group>"; };
		4F25D9A61AEEB49200E57436 /* XCSLoginViewController.m */ = {isa = PBXFileReference; fileEncoding = 4; lastKnownFileType = sourcecode.c.objc; path = XCSLoginViewController.m; sourceTree = "<group>"; };
		4F3A8D5F1AF41DF500DDE855 /* NSTextView+Placeholder.h */ = {isa = PBXFileReference; fileEncoding = 4; lastKnownFileType = sourcecode.c.h; path = "NSTextView+Placeholder.h"; sourceTree = "<group>"; };
		4F3A8D601AF41DF500DDE855 /* NSTextView+Placeholder.m */ = {isa = PBXFileReference; fileEncoding = 4; lastKnownFileType = sourcecode.c.objc; path = "NSTextView+Placeholder.m"; sourceTree = "<group>"; };
		4F40CB9D1B2DD7DD0070E0D4 /* XCSAccount.h */ = {isa = PBXFileReference; fileEncoding = 4; lastKnownFileType = sourcecode.c.h; path = XCSAccount.h; sourceTree = "<group>"; };
		4F40CB9E1B2DD7DD0070E0D4 /* XCSAccount.m */ = {isa = PBXFileReference; fileEncoding = 4; lastKnownFileType = sourcecode.c.objc; path = XCSAccount.m; sourceTree = "<group>"; };
		4F40CB9F1B2DD7DD0070E0D4 /* XCSBaseAPI.h */ = {isa = PBXFileReference; fileEncoding = 4; lastKnownFileType = sourcecode.c.h; path = XCSBaseAPI.h; sourceTree = "<group>"; };
		4F40CBA01B2DD7DD0070E0D4 /* XCSBaseAPI.m */ = {isa = PBXFileReference; fileEncoding = 4; lastKnownFileType = sourcecode.c.objc; path = XCSBaseAPI.m; sourceTree = "<group>"; };
		4F40CBA11B2DD7DD0070E0D4 /* XCSSnippet.h */ = {isa = PBXFileReference; fileEncoding = 4; lastKnownFileType = sourcecode.c.h; path = XCSSnippet.h; sourceTree = "<group>"; };
		4F40CBA21B2DD7DD0070E0D4 /* XCSSnippet.m */ = {isa = PBXFileReference; fileEncoding = 4; lastKnownFileType = sourcecode.c.objc; path = XCSSnippet.m; sourceTree = "<group>"; };
		4F40CBA41B2DD7DD0070E0D4 /* GHBAPIClient.h */ = {isa = PBXFileReference; fileEncoding = 4; lastKnownFileType = sourcecode.c.h; path = GHBAPIClient.h; sourceTree = "<group>"; };
		4F40CBA51B2DD7DD0070E0D4 /* GHBAPIClient.m */ = {isa = PBXFileReference; fileEncoding = 4; lastKnownFileType = sourcecode.c.objc; path = GHBAPIClient.m; sourceTree = "<group>"; };
		4F40CBA61B2DD7DD0070E0D4 /* GHBAPIConstants.h */ = {isa = PBXFileReference; fileEncoding = 4; lastKnownFileType = sourcecode.c.h; path = GHBAPIConstants.h; sourceTree = "<group>"; };
		4F40CBA81B2DD7DD0070E0D4 /* SLKAPIClient.h */ = {isa = PBXFileReference; fileEncoding = 4; lastKnownFileType = sourcecode.c.h; path = SLKAPIClient.h; sourceTree = "<group>"; };
		4F40CBA91B2DD7DD0070E0D4 /* SLKAPIClient.m */ = {isa = PBXFileReference; fileEncoding = 4; lastKnownFileType = sourcecode.c.objc; path = SLKAPIClient.m; sourceTree = "<group>"; };
		4F40CBAA1B2DD7DD0070E0D4 /* SLKAPIConstants.h */ = {isa = PBXFileReference; fileEncoding = 4; lastKnownFileType = sourcecode.c.h; path = SLKAPIConstants.h; sourceTree = "<group>"; };
		4F40CBAB1B2DD7DD0070E0D4 /* SLKRoom.h */ = {isa = PBXFileReference; fileEncoding = 4; lastKnownFileType = sourcecode.c.h; path = SLKRoom.h; sourceTree = "<group>"; };
		4F40CBAC1B2DD7DD0070E0D4 /* SLKRoom.m */ = {isa = PBXFileReference; fileEncoding = 4; lastKnownFileType = sourcecode.c.objc; path = SLKRoom.m; sourceTree = "<group>"; };
		4F40CBAD1B2DD7DD0070E0D4 /* SLKRoomManager.h */ = {isa = PBXFileReference; fileEncoding = 4; lastKnownFileType = sourcecode.c.h; path = SLKRoomManager.h; sourceTree = "<group>"; };
		4F40CBAE1B2DD7DD0070E0D4 /* SLKRoomManager.m */ = {isa = PBXFileReference; fileEncoding = 4; lastKnownFileType = sourcecode.c.objc; path = SLKRoomManager.m; sourceTree = "<group>"; };
		4F40CBAF1B2DD7DD0070E0D4 /* XCSServiceAPIFactory.h */ = {isa = PBXFileReference; fileEncoding = 4; lastKnownFileType = sourcecode.c.h; path = XCSServiceAPIFactory.h; sourceTree = "<group>"; };
		4F40CBB01B2DD7DD0070E0D4 /* XCSServiceAPIFactory.m */ = {isa = PBXFileReference; fileEncoding = 4; lastKnownFileType = sourcecode.c.objc; path = XCSServiceAPIFactory.m; sourceTree = "<group>"; };
		4F40CBB11B2DD7DD0070E0D4 /* XCSServiceAPIProtocol.h */ = {isa = PBXFileReference; fileEncoding = 4; lastKnownFileType = sourcecode.c.h; path = XCSServiceAPIProtocol.h; sourceTree = "<group>"; };
		4F4238661B2CAE5500D2CA79 /* auth.test.json */ = {isa = PBXFileReference; fileEncoding = 4; lastKnownFileType = text.json; path = auth.test.json; sourceTree = "<group>"; };
		4F4238671B2CAE5500D2CA79 /* rtm.start.json */ = {isa = PBXFileReference; fileEncoding = 4; lastKnownFileType = text.json; path = rtm.start.json; sourceTree = "<group>"; };
		4F42386A1B2CAE7300D2CA79 /* gist.test.json */ = {isa = PBXFileReference; fileEncoding = 4; lastKnownFileType = text.json; path = gist.test.json; sourceTree = "<group>"; };
		4F42386D1B2CB87A00D2CA79 /* NSJSONSerialization+FileContent.h */ = {isa = PBXFileReference; fileEncoding = 4; lastKnownFileType = sourcecode.c.h; path = "NSJSONSerialization+FileContent.h"; sourceTree = "<group>"; };
		4F42386E1B2CB87A00D2CA79 /* NSJSONSerialization+FileContent.m */ = {isa = PBXFileReference; fileEncoding = 4; lastKnownFileType = sourcecode.c.objc; path = "NSJSONSerialization+FileContent.m"; sourceTree = "<group>"; };
		4F4282061AED92EC00133F7D /* XCSnippetr-Info.plist */ = {isa = PBXFileReference; fileEncoding = 4; lastKnownFileType = text.plist.xml; path = "XCSnippetr-Info.plist"; sourceTree = "<group>"; };
		4F4282071AED92EC00133F7D /* XCSnippetr-Prefix.pch */ = {isa = PBXFileReference; fileEncoding = 4; lastKnownFileType = sourcecode.c.h; path = "XCSnippetr-Prefix.pch"; sourceTree = "<group>"; };
		4F42821E1AED92F900133F7D /* XCSnippetrPlugin.h */ = {isa = PBXFileReference; fileEncoding = 4; lastKnownFileType = sourcecode.c.h; path = XCSnippetrPlugin.h; sourceTree = "<group>"; };
		4F42821F1AED92F900133F7D /* XCSnippetrPlugin.m */ = {isa = PBXFileReference; fileEncoding = 4; lastKnownFileType = sourcecode.c.objc; path = XCSnippetrPlugin.m; sourceTree = "<group>"; };
		4F48D0211AF69AF30017717D /* XCSLoginViewController.xib */ = {isa = PBXFileReference; fileEncoding = 4; lastKnownFileType = file.xib; path = XCSLoginViewController.xib; sourceTree = "<group>"; };
		4F48D0271AF69BD90017717D /* en */ = {isa = PBXFileReference; lastKnownFileType = text.plist.strings; name = en; path = en.lproj/InfoPlist.strings; sourceTree = "<group>"; };
		4F562CBD1AED95AB00A865CB /* Cocoa.framework */ = {isa = PBXFileReference; lastKnownFileType = wrapper.framework; name = Cocoa.framework; path = System/Library/Frameworks/Cocoa.framework; sourceTree = SDKROOT; };
		4FA17DE01AF494FB0049D26F /* XCSnippetrApp.app */ = {isa = PBXFileReference; explicitFileType = wrapper.application; includeInIndex = 0; path = XCSnippetrApp.app; sourceTree = BUILT_PRODUCTS_DIR; };
		4FA17DE41AF494FB0049D26F /* AppDelegate.h */ = {isa = PBXFileReference; lastKnownFileType = sourcecode.c.h; path = AppDelegate.h; sourceTree = "<group>"; };
		4FA17DE51AF494FB0049D26F /* AppDelegate.m */ = {isa = PBXFileReference; lastKnownFileType = sourcecode.c.objc; path = AppDelegate.m; sourceTree = "<group>"; };
		4FA3A38D1B2FEA770052A3A0 /* NSString+RequestSerialization.h */ = {isa = PBXFileReference; fileEncoding = 4; lastKnownFileType = sourcecode.c.h; path = "NSString+RequestSerialization.h"; sourceTree = "<group>"; };
		4FA3A38E1B2FEA770052A3A0 /* NSString+RequestSerialization.m */ = {isa = PBXFileReference; fileEncoding = 4; lastKnownFileType = sourcecode.c.objc; path = "NSString+RequestSerialization.m"; sourceTree = "<group>"; };
		4FC1815F1B2C84F900FFBC72 /* XCSMacros.h */ = {isa = PBXFileReference; lastKnownFileType = sourcecode.c.h; path = XCSMacros.h; sourceTree = "<group>"; };
		4FC8BA3E1AFE998F00388D13 /* XCSMainWindowController.h */ = {isa = PBXFileReference; fileEncoding = 4; lastKnownFileType = sourcecode.c.h; path = XCSMainWindowController.h; sourceTree = "<group>"; };
		4FC8BA3F1AFE998F00388D13 /* XCSMainWindowController.m */ = {isa = PBXFileReference; fileEncoding = 4; lastKnownFileType = sourcecode.c.objc; path = XCSMainWindowController.m; sourceTree = "<group>"; };
		4FC8BA401AFE998F00388D13 /* XCSMainWindowController.xib */ = {isa = PBXFileReference; fileEncoding = 4; lastKnownFileType = file.xib; path = XCSMainWindowController.xib; sourceTree = "<group>"; };
		4FDDB61F1B73E2DF0007A465 /* XCSBezelAlert.h */ = {isa = PBXFileReference; fileEncoding = 4; lastKnownFileType = sourcecode.c.h; path = XCSBezelAlert.h; sourceTree = "<group>"; };
		4FDDB6201B73E2DF0007A465 /* XCSBezelAlert.m */ = {isa = PBXFileReference; fileEncoding = 4; lastKnownFileType = sourcecode.c.objc; path = XCSBezelAlert.m; sourceTree = "<group>"; };
		4FE7C23F1B2DD87800706F53 /* XCSService.h */ = {isa = PBXFileReference; lastKnownFileType = sourcecode.c.h; path = XCSService.h; sourceTree = "<group>"; };
		4FF217D31AF5EA4100A6AEF3 /* ACEModeNames+Extension.h */ = {isa = PBXFileReference; fileEncoding = 4; lastKnownFileType = sourcecode.c.h; path = "ACEModeNames+Extension.h"; sourceTree = "<group>"; };
		4FF217D41AF5EA4100A6AEF3 /* ACEModeNames+Extension.m */ = {isa = PBXFileReference; fileEncoding = 4; lastKnownFileType = sourcecode.c.objc; path = "ACEModeNames+Extension.m"; sourceTree = "<group>"; };
		4FF2672F1AFFCDC000BCBC2D /* XCSStrings.h */ = {isa = PBXFileReference; lastKnownFileType = sourcecode.c.h; path = XCSStrings.h; sourceTree = "<group>"; };
		7CD9186219A7B46F00B814F8 /* XCSnippetr.xcplugin */ = {isa = PBXFileReference; explicitFileType = wrapper.cfbundle; includeInIndex = 0; path = XCSnippetr.xcplugin; sourceTree = BUILT_PRODUCTS_DIR; };
		7CD9186519A7B46F00B814F8 /* AppKit.framework */ = {isa = PBXFileReference; lastKnownFileType = wrapper.framework; name = AppKit.framework; path = System/Library/Frameworks/AppKit.framework; sourceTree = SDKROOT; };
		7CD9186719A7B46F00B814F8 /* Foundation.framework */ = {isa = PBXFileReference; lastKnownFileType = wrapper.framework; name = Foundation.framework; path = System/Library/Frameworks/Foundation.framework; sourceTree = SDKROOT; };
/* End PBXFileReference section */

/* Begin PBXFrameworksBuildPhase section */
		4F0926261AF7FB1300A64AAF /* Frameworks */ = {
			isa = PBXFrameworksBuildPhase;
			buildActionMask = 2147483647;
			files = (
			);
			runOnlyForDeploymentPostprocessing = 0;
		};
		4FA17DDD1AF494FB0049D26F /* Frameworks */ = {
			isa = PBXFrameworksBuildPhase;
			buildActionMask = 2147483647;
			files = (
				4FA17E0F1AF552430049D26F /* Foundation.framework in Frameworks */,
				4FA17E0E1AF5523E0049D26F /* AppKit.framework in Frameworks */,
				4FA17E0D1AF552390049D26F /* Cocoa.framework in Frameworks */,
				5C6FB0BEACAE03B93F573EE7 /* libPods.a in Frameworks */,
			);
			runOnlyForDeploymentPostprocessing = 0;
		};
		7CD9185F19A7B46F00B814F8 /* Frameworks */ = {
			isa = PBXFrameworksBuildPhase;
			buildActionMask = 2147483647;
			files = (
				4F562CBE1AED95AB00A865CB /* Cocoa.framework in Frameworks */,
				7CD9186619A7B46F00B814F8 /* AppKit.framework in Frameworks */,
				7CD9186819A7B46F00B814F8 /* Foundation.framework in Frameworks */,
				1CBCAE604D034A3D507853F5 /* libPods.a in Frameworks */,
			);
			runOnlyForDeploymentPostprocessing = 0;
		};
/* End PBXFrameworksBuildPhase section */

/* Begin PBXGroup section */
		4F09262A1AF7FB1300A64AAF /* XCSnippetrTests */ = {
			isa = PBXGroup;
			children = (
				4F09262D1AF7FB1300A64AAF /* XCSnippetrTests.m */,
				4F42386C1B2CB87A00D2CA79 /* Helpers */,
				4F0926451AF7FF0D00A64AAF /* Fixtures */,
				4F09262B1AF7FB1300A64AAF /* Supporting Files */,
			);
			path = XCSnippetrTests;
			sourceTree = "<group>";
		};
		4F09262B1AF7FB1300A64AAF /* Supporting Files */ = {
			isa = PBXGroup;
			children = (
				4F09262C1AF7FB1300A64AAF /* Info.plist */,
			);
			name = "Supporting Files";
			sourceTree = "<group>";
		};
		4F0926361AF7FC9D00A64AAF /* Supporting Files */ = {
			isa = PBXGroup;
			children = (
				4F0926371AF7FC9D00A64AAF /* Info.plist */,
				4F0926381AF7FC9D00A64AAF /* main.m */,
				4F0926391AF7FC9D00A64AAF /* MainMenu.xib */,
			);
			path = "Supporting Files";
			sourceTree = "<group>";
		};
		4F0926451AF7FF0D00A64AAF /* Fixtures */ = {
			isa = PBXGroup;
			children = (
				4F4238641B2CAE5500D2CA79 /* Github */,
				4F4238651B2CAE5500D2CA79 /* Slack */,
			);
			name = Fixtures;
			sourceTree = "<group>";
		};
		4F1855A31AEE13B000AAF896 /* Resources */ = {
			isa = PBXGroup;
			children = (
				4F1855A41AEE13C800AAF896 /* Images.xcassets */,
			);
			name = Resources;
			sourceTree = "<group>";
		};
		4F25D99F1AEEB49200E57436 /* Categories */ = {
			isa = PBXGroup;
			children = (
				4F25D9A01AEEB49200E57436 /* NSWindow+Shake.h */,
				4F25D9A11AEEB49200E57436 /* NSWindow+Shake.m */,
				4F3A8D5F1AF41DF500DDE855 /* NSTextView+Placeholder.h */,
				4F3A8D601AF41DF500DDE855 /* NSTextView+Placeholder.m */,
				4FF217D31AF5EA4100A6AEF3 /* ACEModeNames+Extension.h */,
				4FF217D41AF5EA4100A6AEF3 /* ACEModeNames+Extension.m */,
				4F1AF6B51B004CAF006E8D1F /* NSObject+SmartDescription.h */,
				4F1AF6B61B004CAF006E8D1F /* NSObject+SmartDescription.m */,
				4FA3A38D1B2FEA770052A3A0 /* NSString+RequestSerialization.h */,
				4FA3A38E1B2FEA770052A3A0 /* NSString+RequestSerialization.m */,
			);
			path = Categories;
			sourceTree = "<group>";
		};
		4F25D9A21AEEB49200E57436 /* ViewControllers */ = {
			isa = PBXGroup;
			children = (
				4FC8BA3E1AFE998F00388D13 /* XCSMainWindowController.h */,
				4FC8BA3F1AFE998F00388D13 /* XCSMainWindowController.m */,
				4FC8BA401AFE998F00388D13 /* XCSMainWindowController.xib */,
				4F25D9A51AEEB49200E57436 /* XCSLoginViewController.h */,
				4F25D9A61AEEB49200E57436 /* XCSLoginViewController.m */,
				4F48D0211AF69AF30017717D /* XCSLoginViewController.xib */,
			);
			path = ViewControllers;
			sourceTree = "<group>";
		};
		4F40CB9B1B2DD7DD0070E0D4 /* API */ = {
			isa = PBXGroup;
			children = (
				4F40CB9C1B2DD7DD0070E0D4 /* BaseAPI */,
				4F40CBA31B2DD7DD0070E0D4 /* GitHubAPI */,
				4F40CBA71B2DD7DD0070E0D4 /* SlackAPI */,
				4F40CBAF1B2DD7DD0070E0D4 /* XCSServiceAPIFactory.h */,
				4F40CBB01B2DD7DD0070E0D4 /* XCSServiceAPIFactory.m */,
				4FE7C23F1B2DD87800706F53 /* XCSService.h */,
				4F40CBB11B2DD7DD0070E0D4 /* XCSServiceAPIProtocol.h */,
			);
			path = API;
			sourceTree = "<group>";
		};
		4F40CB9C1B2DD7DD0070E0D4 /* BaseAPI */ = {
			isa = PBXGroup;
			children = (
				4F40CB9F1B2DD7DD0070E0D4 /* XCSBaseAPI.h */,
				4F40CBA01B2DD7DD0070E0D4 /* XCSBaseAPI.m */,
				4F40CB9D1B2DD7DD0070E0D4 /* XCSAccount.h */,
				4F40CB9E1B2DD7DD0070E0D4 /* XCSAccount.m */,
				4F40CBA11B2DD7DD0070E0D4 /* XCSSnippet.h */,
				4F40CBA21B2DD7DD0070E0D4 /* XCSSnippet.m */,
			);
			path = BaseAPI;
			sourceTree = "<group>";
		};
		4F40CBA31B2DD7DD0070E0D4 /* GitHubAPI */ = {
			isa = PBXGroup;
			children = (
				4F40CBA41B2DD7DD0070E0D4 /* GHBAPIClient.h */,
				4F40CBA51B2DD7DD0070E0D4 /* GHBAPIClient.m */,
				4F40CBA61B2DD7DD0070E0D4 /* GHBAPIConstants.h */,
			);
			path = GitHubAPI;
			sourceTree = "<group>";
		};
		4F40CBA71B2DD7DD0070E0D4 /* SlackAPI */ = {
			isa = PBXGroup;
			children = (
				4F40CBA81B2DD7DD0070E0D4 /* SLKAPIClient.h */,
				4F40CBA91B2DD7DD0070E0D4 /* SLKAPIClient.m */,
				4F40CBAA1B2DD7DD0070E0D4 /* SLKAPIConstants.h */,
				4F40CBAB1B2DD7DD0070E0D4 /* SLKRoom.h */,
				4F40CBAC1B2DD7DD0070E0D4 /* SLKRoom.m */,
				4F40CBAD1B2DD7DD0070E0D4 /* SLKRoomManager.h */,
				4F40CBAE1B2DD7DD0070E0D4 /* SLKRoomManager.m */,
			);
			path = SlackAPI;
			sourceTree = "<group>";
		};
		4F4238641B2CAE5500D2CA79 /* Github */ = {
			isa = PBXGroup;
			children = (
				4F42386A1B2CAE7300D2CA79 /* gist.test.json */,
			);
			name = Github;
			path = fixtures/Github;
			sourceTree = "<group>";
		};
		4F4238651B2CAE5500D2CA79 /* Slack */ = {
			isa = PBXGroup;
			children = (
				4F4238661B2CAE5500D2CA79 /* auth.test.json */,
				4F4238671B2CAE5500D2CA79 /* rtm.start.json */,
			);
			name = Slack;
			path = fixtures/Slack;
			sourceTree = "<group>";
		};
		4F42386C1B2CB87A00D2CA79 /* Helpers */ = {
			isa = PBXGroup;
			children = (
				4F42386D1B2CB87A00D2CA79 /* NSJSONSerialization+FileContent.h */,
				4F42386E1B2CB87A00D2CA79 /* NSJSONSerialization+FileContent.m */,
			);
			path = Helpers;
			sourceTree = "<group>";
		};
		4F4282051AED92EC00133F7D /* Supporting Files */ = {
			isa = PBXGroup;
			children = (
				4F4282061AED92EC00133F7D /* XCSnippetr-Info.plist */,
				4F48D0261AF69BD90017717D /* InfoPlist.strings */,
				4F4282071AED92EC00133F7D /* XCSnippetr-Prefix.pch */,
			);
			path = "Supporting Files";
			sourceTree = "<group>";
		};
		4F4282091AED92F900133F7D /* Class */ = {
			isa = PBXGroup;
			children = (
				4F42821E1AED92F900133F7D /* XCSnippetrPlugin.h */,
				4F42821F1AED92F900133F7D /* XCSnippetrPlugin.m */,
				4FF2672F1AFFCDC000BCBC2D /* XCSStrings.h */,
				4FC1815F1B2C84F900FFBC72 /* XCSMacros.h */,
				4F25D9A21AEEB49200E57436 /* ViewControllers */,
				4FDDB61E1B73E2DF0007A465 /* Views */,
				4F25D99F1AEEB49200E57436 /* Categories */,
				4F40CB9B1B2DD7DD0070E0D4 /* API */,
			);
			path = Class;
			sourceTree = "<group>";
		};
		4FA17DE11AF494FB0049D26F /* XCSnippetrApp */ = {
			isa = PBXGroup;
			children = (
				4FA17DE41AF494FB0049D26F /* AppDelegate.h */,
				4FA17DE51AF494FB0049D26F /* AppDelegate.m */,
				4F0926361AF7FC9D00A64AAF /* Supporting Files */,
			);
			path = XCSnippetrApp;
			sourceTree = "<group>";
		};
		4FDDB61E1B73E2DF0007A465 /* Views */ = {
			isa = PBXGroup;
			children = (
				4FDDB61F1B73E2DF0007A465 /* XCSBezelAlert.h */,
				4FDDB6201B73E2DF0007A465 /* XCSBezelAlert.m */,
			);
			path = Views;
			sourceTree = "<group>";
		};
		7CD9185919A7B46F00B814F8 = {
			isa = PBXGroup;
			children = (
				7CD9186919A7B46F00B814F8 /* XCSnippetr */,
				4FA17DE11AF494FB0049D26F /* XCSnippetrApp */,
				4F09262A1AF7FB1300A64AAF /* XCSnippetrTests */,
				7CD9186419A7B46F00B814F8 /* Frameworks */,
				7CD9186319A7B46F00B814F8 /* Products */,
				FD04757D89833CF4255BAEA9 /* Pods */,
			);
			sourceTree = "<group>";
		};
		7CD9186319A7B46F00B814F8 /* Products */ = {
			isa = PBXGroup;
			children = (
				7CD9186219A7B46F00B814F8 /* XCSnippetr.xcplugin */,
				4FA17DE01AF494FB0049D26F /* XCSnippetrApp.app */,
				4F0926291AF7FB1300A64AAF /* XCSnippetrTests.xctest */,
			);
			name = Products;
			sourceTree = "<group>";
		};
		7CD9186419A7B46F00B814F8 /* Frameworks */ = {
			isa = PBXGroup;
			children = (
				4F562CBD1AED95AB00A865CB /* Cocoa.framework */,
				7CD9186519A7B46F00B814F8 /* AppKit.framework */,
				7CD9186719A7B46F00B814F8 /* Foundation.framework */,
				33F211E45AE40AFBC16B8532 /* libPods.a */,
			);
			name = Frameworks;
			sourceTree = "<group>";
		};
		7CD9186919A7B46F00B814F8 /* XCSnippetr */ = {
			isa = PBXGroup;
			children = (
				4F4282091AED92F900133F7D /* Class */,
				4F1855A31AEE13B000AAF896 /* Resources */,
				4F4282051AED92EC00133F7D /* Supporting Files */,
			);
			path = XCSnippetr;
			sourceTree = "<group>";
		};
		FD04757D89833CF4255BAEA9 /* Pods */ = {
			isa = PBXGroup;
			children = (
				13C57EC050B27A68CCDA7479 /* Pods.debug.xcconfig */,
				1E2031E9767AAD42CC3D2D95 /* Pods.release.xcconfig */,
			);
			name = Pods;
			sourceTree = "<group>";
		};
/* End PBXGroup section */

/* Begin PBXNativeTarget section */
		4F0926281AF7FB1300A64AAF /* XCSnippetrTests */ = {
			isa = PBXNativeTarget;
			buildConfigurationList = 4F0926311AF7FB1300A64AAF /* Build configuration list for PBXNativeTarget "XCSnippetrTests" */;
			buildPhases = (
				4F0926251AF7FB1300A64AAF /* Sources */,
				4F0926261AF7FB1300A64AAF /* Frameworks */,
				4F0926271AF7FB1300A64AAF /* Resources */,
			);
			buildRules = (
			);
			dependencies = (
				4F35AC841B7463B900761884 /* PBXTargetDependency */,
			);
			name = XCSnippetrTests;
			productName = SlackBoardTests;
			productReference = 4F0926291AF7FB1300A64AAF /* XCSnippetrTests.xctest */;
			productType = "com.apple.product-type.bundle.unit-test";
		};
		4FA17DDF1AF494FB0049D26F /* XCSnippetrApp */ = {
			isa = PBXNativeTarget;
			buildConfigurationList = 4FA17DFE1AF494FB0049D26F /* Build configuration list for PBXNativeTarget "XCSnippetrApp" */;
			buildPhases = (
				50E1B92AAACA38486ED333C0 /* Check Pods Manifest.lock */,
				4FA17DDC1AF494FB0049D26F /* Sources */,
				4FA17DDD1AF494FB0049D26F /* Frameworks */,
				4FA17DDE1AF494FB0049D26F /* Resources */,
				B30866654DEB225BA71A65E2 /* Copy Pods Resources */,
			);
			buildRules = (
			);
			dependencies = (
			);
			name = XCSnippetrApp;
			productName = SlackBoardApp;
			productReference = 4FA17DE01AF494FB0049D26F /* XCSnippetrApp.app */;
			productType = "com.apple.product-type.application";
		};
		7CD9186119A7B46F00B814F8 /* XCSnippetr */ = {
			isa = PBXNativeTarget;
			buildConfigurationList = 7CD9187519A7B46F00B814F8 /* Build configuration list for PBXNativeTarget "XCSnippetr" */;
			buildPhases = (
				733A225B69822BE7EC0CE930 /* Check Pods Manifest.lock */,
				7CD9185E19A7B46F00B814F8 /* Sources */,
				7CD9185F19A7B46F00B814F8 /* Frameworks */,
				7CD9186019A7B46F00B814F8 /* Resources */,
				4C58F4FA78902F04C69E6FDA /* Copy Pods Resources */,
			);
			buildRules = (
			);
			dependencies = (
			);
			name = XCSnippetr;
			productName = Example;
			productReference = 7CD9186219A7B46F00B814F8 /* XCSnippetr.xcplugin */;
			productType = "com.apple.product-type.bundle";
		};
/* End PBXNativeTarget section */

/* Begin PBXProject section */
		7CD9185A19A7B46F00B814F8 /* Project object */ = {
			isa = PBXProject;
			attributes = {
				CLASSPREFIX = XCS;
				LastUpgradeCheck = 0510;
				ORGANIZATIONNAME = "DZN Labs";
				TargetAttributes = {
					4F0926281AF7FB1300A64AAF = {
						CreatedOnToolsVersion = 6.2;
						TestTargetID = 4FA17DDF1AF494FB0049D26F;
					};
					4FA17DDF1AF494FB0049D26F = {
						CreatedOnToolsVersion = 6.2;
					};
				};
			};
			buildConfigurationList = 7CD9185D19A7B46F00B814F8 /* Build configuration list for PBXProject "XCSnippetr-Builder" */;
			compatibilityVersion = "Xcode 3.2";
			developmentRegion = English;
			hasScannedForEncodings = 0;
			knownRegions = (
				en,
			);
			mainGroup = 7CD9185919A7B46F00B814F8;
			productRefGroup = 7CD9186319A7B46F00B814F8 /* Products */;
			projectDirPath = "";
			projectRoot = "";
			targets = (
				7CD9186119A7B46F00B814F8 /* XCSnippetr */,
				4FA17DDF1AF494FB0049D26F /* XCSnippetrApp */,
				4F0926281AF7FB1300A64AAF /* XCSnippetrTests */,
			);
		};
/* End PBXProject section */

/* Begin PBXResourcesBuildPhase section */
		4F0926271AF7FB1300A64AAF /* Resources */ = {
			isa = PBXResourcesBuildPhase;
			buildActionMask = 2147483647;
			files = (
				4F42386B1B2CAE7300D2CA79 /* gist.test.json in Resources */,
				4F09263D1AF7FC9D00A64AAF /* Info.plist in Resources */,
				4F4238691B2CAE5500D2CA79 /* rtm.start.json in Resources */,
				4F0926411AF7FC9D00A64AAF /* MainMenu.xib in Resources */,
				4F4238681B2CAE5500D2CA79 /* auth.test.json in Resources */,
			);
			runOnlyForDeploymentPostprocessing = 0;
		};
		4FA17DDE1AF494FB0049D26F /* Resources */ = {
			isa = PBXResourcesBuildPhase;
			buildActionMask = 2147483647;
			files = (
				4FC8BA441AFE998F00388D13 /* XCSMainWindowController.xib in Resources */,
				4FFBC26A1B74646C00D0D6B8 /* gist.test.json in Resources */,
				4FA17E081AF498200049D26F /* Images.xcassets in Resources */,
				4F48D0251AF69AF30017717D /* XCSLoginViewController.xib in Resources */,
				4F48D0291AF69BD90017717D /* InfoPlist.strings in Resources */,
				4F0926401AF7FC9D00A64AAF /* MainMenu.xib in Resources */,
				4FFBC26C1B74647200D0D6B8 /* auth.test.json in Resources */,
				4FFBC26B1B74647000D0D6B8 /* rtm.start.json in Resources */,
			);
			runOnlyForDeploymentPostprocessing = 0;
		};
		7CD9186019A7B46F00B814F8 /* Resources */ = {
			isa = PBXResourcesBuildPhase;
			buildActionMask = 2147483647;
			files = (
				4FC8BA431AFE998F00388D13 /* XCSMainWindowController.xib in Resources */,
				4FCD1E091AF9D6800039908A /* XCSLoginViewController.xib in Resources */,
				4F48D0281AF69BD90017717D /* InfoPlist.strings in Resources */,
				4F1855A51AEE13C800AAF896 /* Images.xcassets in Resources */,
			);
			runOnlyForDeploymentPostprocessing = 0;
		};
/* End PBXResourcesBuildPhase section */

/* Begin PBXShellScriptBuildPhase section */
		4C58F4FA78902F04C69E6FDA /* Copy Pods Resources */ = {
			isa = PBXShellScriptBuildPhase;
			buildActionMask = 2147483647;
			files = (
			);
			inputPaths = (
			);
			name = "Copy Pods Resources";
			outputPaths = (
			);
			runOnlyForDeploymentPostprocessing = 0;
			shellPath = /bin/sh;
			shellScript = "\"${SRCROOT}/Pods/Target Support Files/Pods/Pods-resources.sh\"\n";
			showEnvVarsInLog = 0;
		};
		50E1B92AAACA38486ED333C0 /* Check Pods Manifest.lock */ = {
			isa = PBXShellScriptBuildPhase;
			buildActionMask = 2147483647;
			files = (
			);
			inputPaths = (
			);
			name = "Check Pods Manifest.lock";
			outputPaths = (
			);
			runOnlyForDeploymentPostprocessing = 0;
			shellPath = /bin/sh;
			shellScript = "diff \"${PODS_ROOT}/../Podfile.lock\" \"${PODS_ROOT}/Manifest.lock\" > /dev/null\nif [[ $? != 0 ]] ; then\n    cat << EOM\nerror: The sandbox is not in sync with the Podfile.lock. Run 'pod install' or update your CocoaPods installation.\nEOM\n    exit 1\nfi\n";
			showEnvVarsInLog = 0;
		};
		733A225B69822BE7EC0CE930 /* Check Pods Manifest.lock */ = {
			isa = PBXShellScriptBuildPhase;
			buildActionMask = 2147483647;
			files = (
			);
			inputPaths = (
			);
			name = "Check Pods Manifest.lock";
			outputPaths = (
			);
			runOnlyForDeploymentPostprocessing = 0;
			shellPath = /bin/sh;
			shellScript = "diff \"${PODS_ROOT}/../Podfile.lock\" \"${PODS_ROOT}/Manifest.lock\" > /dev/null\nif [[ $? != 0 ]] ; then\n    cat << EOM\nerror: The sandbox is not in sync with the Podfile.lock. Run 'pod install' or update your CocoaPods installation.\nEOM\n    exit 1\nfi\n";
			showEnvVarsInLog = 0;
		};
		B30866654DEB225BA71A65E2 /* Copy Pods Resources */ = {
			isa = PBXShellScriptBuildPhase;
			buildActionMask = 2147483647;
			files = (
			);
			inputPaths = (
			);
			name = "Copy Pods Resources";
			outputPaths = (
			);
			runOnlyForDeploymentPostprocessing = 0;
			shellPath = /bin/sh;
			shellScript = "\"${SRCROOT}/Pods/Target Support Files/Pods/Pods-resources.sh\"\n";
			showEnvVarsInLog = 0;
		};
/* End PBXShellScriptBuildPhase section */

/* Begin PBXSourcesBuildPhase section */
		4F0926251AF7FB1300A64AAF /* Sources */ = {
			isa = PBXSourcesBuildPhase;
			buildActionMask = 2147483647;
			files = (
				4F09263F1AF7FC9D00A64AAF /* main.m in Sources */,
				4F09262E1AF7FB1300A64AAF /* XCSnippetrTests.m in Sources */,
			);
			runOnlyForDeploymentPostprocessing = 0;
		};
		4FA17DDC1AF494FB0049D26F /* Sources */ = {
			isa = PBXSourcesBuildPhase;
			buildActionMask = 2147483647;
			files = (
				4FFBC26D1B74688500D0D6B8 /* XCSnippetrPlugin.m in Sources */,
				4F40CBB61B2DD7DD0070E0D4 /* XCSBaseAPI.m in Sources */,
				4F40CBBF1B2DD7DD0070E0D4 /* SLKAPIClient.m in Sources */,
				4F40CBC81B2DD7DD0070E0D4 /* XCSServiceAPIFactory.m in Sources */,
				4F09263E1AF7FC9D00A64AAF /* main.m in Sources */,
				4FC8BA421AFE998F00388D13 /* XCSMainWindowController.m in Sources */,
				4F40CBBC1B2DD7DD0070E0D4 /* GHBAPIClient.m in Sources */,
				4FA17E021AF4981D0049D26F /* NSWindow+Shake.m in Sources */,
				4F1AF6B81B004CAF006E8D1F /* NSObject+SmartDescription.m in Sources */,
				4FA17E031AF4981D0049D26F /* NSTextView+Placeholder.m in Sources */,
				4FDDB6221B73E2DF0007A465 /* XCSBezelAlert.m in Sources */,
				4FF217D61AF5EA4100A6AEF3 /* ACEModeNames+Extension.m in Sources */,
				4F40CBB31B2DD7DD0070E0D4 /* XCSAccount.m in Sources */,
				4F35AC851B7463F800761884 /* NSJSONSerialization+FileContent.m in Sources */,
				4F40CBC51B2DD7DD0070E0D4 /* SLKRoomManager.m in Sources */,
				4FA17E011AF4981D0049D26F /* XCSLoginViewController.m in Sources */,
				4F35AC821B74636300761884 /* NSString+RequestSerialization.m in Sources */,
				4F40CBB91B2DD7DD0070E0D4 /* XCSSnippet.m in Sources */,
				4FA17DE61AF494FB0049D26F /* AppDelegate.m in Sources */,
				4F40CBC21B2DD7DD0070E0D4 /* SLKRoom.m in Sources */,
			);
			runOnlyForDeploymentPostprocessing = 0;
		};
		7CD9185E19A7B46F00B814F8 /* Sources */ = {
			isa = PBXSourcesBuildPhase;
			buildActionMask = 2147483647;
			files = (
				4F40CBBE1B2DD7DD0070E0D4 /* SLKAPIClient.m in Sources */,
				4F40CBC41B2DD7DD0070E0D4 /* SLKRoomManager.m in Sources */,
				4F40CBB81B2DD7DD0070E0D4 /* XCSSnippet.m in Sources */,
				4F40CBC11B2DD7DD0070E0D4 /* SLKRoom.m in Sources */,
				4FA3A38F1B2FEA770052A3A0 /* NSString+RequestSerialization.m in Sources */,
				4F40CBBB1B2DD7DD0070E0D4 /* GHBAPIClient.m in Sources */,
				4F1AF6B71B004CAF006E8D1F /* NSObject+SmartDescription.m in Sources */,
				4F40CBC71B2DD7DD0070E0D4 /* XCSServiceAPIFactory.m in Sources */,
				4FF217D51AF5EA4100A6AEF3 /* ACEModeNames+Extension.m in Sources */,
				4FDDB6211B73E2DF0007A465 /* XCSBezelAlert.m in Sources */,
				4F40CBB21B2DD7DD0070E0D4 /* XCSAccount.m in Sources */,
				4F3A8D611AF41DF500DDE855 /* NSTextView+Placeholder.m in Sources */,
				4FC8BA411AFE998F00388D13 /* XCSMainWindowController.m in Sources */,
				4F25D9A91AEEB49200E57436 /* XCSLoginViewController.m in Sources */,
				4F40CBB51B2DD7DD0070E0D4 /* XCSBaseAPI.m in Sources */,
				4F25D9A71AEEB49200E57436 /* NSWindow+Shake.m in Sources */,
				4F4282271AED92FA00133F7D /* XCSnippetrPlugin.m in Sources */,
			);
			runOnlyForDeploymentPostprocessing = 0;
		};
/* End PBXSourcesBuildPhase section */

/* Begin PBXTargetDependency section */
		4F35AC841B7463B900761884 /* PBXTargetDependency */ = {
			isa = PBXTargetDependency;
			target = 4FA17DDF1AF494FB0049D26F /* XCSnippetrApp */;
			targetProxy = 4F35AC831B7463B900761884 /* PBXContainerItemProxy */;
		};
/* End PBXTargetDependency section */

/* Begin PBXVariantGroup section */
		4F48D0261AF69BD90017717D /* InfoPlist.strings */ = {
			isa = PBXVariantGroup;
			children = (
				4F48D0271AF69BD90017717D /* en */,
			);
			name = InfoPlist.strings;
			sourceTree = "<group>";
		};
/* End PBXVariantGroup section */

/* Begin XCBuildConfiguration section */
		4F0926321AF7FB1300A64AAF /* Debug */ = {
			isa = XCBuildConfiguration;
			buildSettings = {
				BUNDLE_LOADER = "$(TEST_HOST)";
				CLANG_WARN_UNREACHABLE_CODE = YES;
				COMBINE_HIDPI_IMAGES = YES;
				ENABLE_STRICT_OBJC_MSGSEND = YES;
				FRAMEWORK_SEARCH_PATHS = (
					"$(DEVELOPER_FRAMEWORKS_DIR)",
					"$(inherited)",
				);
				GCC_PREPROCESSOR_DEFINITIONS = (
					"DEBUG=1",
					"$(inherited)",
				);
				INFOPLIST_FILE = XCSnippetrTests/Info.plist;
				LD_RUNPATH_SEARCH_PATHS = "$(inherited) @executable_path/../Frameworks @loader_path/../Frameworks";
				MACOSX_DEPLOYMENT_TARGET = 10.10;
				MTL_ENABLE_DEBUG_INFO = YES;
				PRODUCT_NAME = XCSnippetrTests;
				TEST_HOST = "$(BUILT_PRODUCTS_DIR)/XCSnippetrApp.app/Contents/MacOS/XCSnippetrApp";
			};
			name = Debug;
		};
		4F0926331AF7FB1300A64AAF /* Release */ = {
			isa = XCBuildConfiguration;
			buildSettings = {
				BUNDLE_LOADER = "$(TEST_HOST)";
				CLANG_WARN_UNREACHABLE_CODE = YES;
				COMBINE_HIDPI_IMAGES = YES;
				COPY_PHASE_STRIP = NO;
				ENABLE_STRICT_OBJC_MSGSEND = YES;
				FRAMEWORK_SEARCH_PATHS = (
					"$(DEVELOPER_FRAMEWORKS_DIR)",
					"$(inherited)",
				);
				INFOPLIST_FILE = XCSnippetrTests/Info.plist;
				LD_RUNPATH_SEARCH_PATHS = "$(inherited) @executable_path/../Frameworks @loader_path/../Frameworks";
				MACOSX_DEPLOYMENT_TARGET = 10.10;
				MTL_ENABLE_DEBUG_INFO = NO;
				PRODUCT_NAME = XCSnippetrTests;
				TEST_HOST = "$(BUILT_PRODUCTS_DIR)/XCSnippetrApp.app/Contents/MacOS/XCSnippetrApp";
			};
			name = Release;
		};
		4FA17DFA1AF494FB0049D26F /* Debug */ = {
			isa = XCBuildConfiguration;
			baseConfigurationReference = 13C57EC050B27A68CCDA7479 /* Pods.debug.xcconfig */;
			buildSettings = {
				ALWAYS_SEARCH_USER_PATHS = YES;
				CLANG_WARN_UNREACHABLE_CODE = YES;
				CODE_SIGN_IDENTITY = "-";
				COMBINE_HIDPI_IMAGES = YES;
				ENABLE_STRICT_OBJC_MSGSEND = YES;
				GCC_PREPROCESSOR_DEFINITIONS = (
					"DEBUG=1",
					"$(inherited)",
				);
				INFOPLIST_FILE = "XCSnippetrApp/Supporting Files/Info.plist";
				LD_RUNPATH_SEARCH_PATHS = "$(inherited) @executable_path/../Frameworks";
				LIBRARY_SEARCH_PATHS = "$(inherited)";
				MACOSX_DEPLOYMENT_TARGET = 10.10;
				MTL_ENABLE_DEBUG_INFO = YES;
				PRODUCT_NAME = XCSnippetrApp;
			};
			name = Debug;
		};
		4FA17DFB1AF494FB0049D26F /* Release */ = {
			isa = XCBuildConfiguration;
			baseConfigurationReference = 1E2031E9767AAD42CC3D2D95 /* Pods.release.xcconfig */;
			buildSettings = {
				ALWAYS_SEARCH_USER_PATHS = YES;
				CLANG_WARN_UNREACHABLE_CODE = YES;
				CODE_SIGN_IDENTITY = "-";
				COMBINE_HIDPI_IMAGES = YES;
				COPY_PHASE_STRIP = NO;
				ENABLE_STRICT_OBJC_MSGSEND = YES;
				INFOPLIST_FILE = "XCSnippetrApp/Supporting Files/Info.plist";
				LD_RUNPATH_SEARCH_PATHS = "$(inherited) @executable_path/../Frameworks";
				LIBRARY_SEARCH_PATHS = "$(inherited)";
				MACOSX_DEPLOYMENT_TARGET = 10.10;
				MTL_ENABLE_DEBUG_INFO = NO;
				PRODUCT_NAME = XCSnippetrApp;
			};
			name = Release;
		};
		7CD9187319A7B46F00B814F8 /* Debug */ = {
			isa = XCBuildConfiguration;
			buildSettings = {
				ALWAYS_SEARCH_USER_PATHS = NO;
				CLANG_CXX_LANGUAGE_STANDARD = "gnu++0x";
				CLANG_CXX_LIBRARY = "libc++";
				CLANG_ENABLE_MODULES = YES;
				CLANG_ENABLE_OBJC_ARC = YES;
				CLANG_WARN_BOOL_CONVERSION = YES;
				CLANG_WARN_CONSTANT_CONVERSION = YES;
				CLANG_WARN_DIRECT_OBJC_ISA_USAGE = YES_ERROR;
				CLANG_WARN_EMPTY_BODY = YES;
				CLANG_WARN_ENUM_CONVERSION = YES;
				CLANG_WARN_INT_CONVERSION = YES;
				CLANG_WARN_OBJC_ROOT_CLASS = YES_ERROR;
				CLANG_WARN__DUPLICATE_METHOD_MATCH = YES;
				COPY_PHASE_STRIP = NO;
				GCC_C_LANGUAGE_STANDARD = gnu99;
				GCC_DYNAMIC_NO_PIC = NO;
				GCC_ENABLE_OBJC_EXCEPTIONS = YES;
				GCC_OPTIMIZATION_LEVEL = 0;
				GCC_PREPROCESSOR_DEFINITIONS = (
					"DEBUG=1",
					"$(inherited)",
				);
				GCC_SYMBOLS_PRIVATE_EXTERN = NO;
				GCC_WARN_64_TO_32_BIT_CONVERSION = YES;
				GCC_WARN_ABOUT_RETURN_TYPE = YES_ERROR;
				GCC_WARN_UNDECLARED_SELECTOR = YES;
				GCC_WARN_UNINITIALIZED_AUTOS = YES_AGGRESSIVE;
				GCC_WARN_UNUSED_FUNCTION = YES;
				GCC_WARN_UNUSED_VARIABLE = YES;
				MACOSX_DEPLOYMENT_TARGET = 10.9;
				ONLY_ACTIVE_ARCH = YES;
				SDKROOT = macosx;
			};
			name = Debug;
		};
		7CD9187419A7B46F00B814F8 /* Release */ = {
			isa = XCBuildConfiguration;
			buildSettings = {
				ALWAYS_SEARCH_USER_PATHS = NO;
				CLANG_CXX_LANGUAGE_STANDARD = "gnu++0x";
				CLANG_CXX_LIBRARY = "libc++";
				CLANG_ENABLE_MODULES = YES;
				CLANG_ENABLE_OBJC_ARC = YES;
				CLANG_WARN_BOOL_CONVERSION = YES;
				CLANG_WARN_CONSTANT_CONVERSION = YES;
				CLANG_WARN_DIRECT_OBJC_ISA_USAGE = YES_ERROR;
				CLANG_WARN_EMPTY_BODY = YES;
				CLANG_WARN_ENUM_CONVERSION = YES;
				CLANG_WARN_INT_CONVERSION = YES;
				CLANG_WARN_OBJC_ROOT_CLASS = YES_ERROR;
				CLANG_WARN__DUPLICATE_METHOD_MATCH = YES;
				COPY_PHASE_STRIP = YES;
				DEBUG_INFORMATION_FORMAT = "dwarf-with-dsym";
				ENABLE_NS_ASSERTIONS = NO;
				GCC_C_LANGUAGE_STANDARD = gnu99;
				GCC_ENABLE_OBJC_EXCEPTIONS = YES;
				GCC_WARN_64_TO_32_BIT_CONVERSION = YES;
				GCC_WARN_ABOUT_RETURN_TYPE = YES_ERROR;
				GCC_WARN_UNDECLARED_SELECTOR = YES;
				GCC_WARN_UNINITIALIZED_AUTOS = YES_AGGRESSIVE;
				GCC_WARN_UNUSED_FUNCTION = YES;
				GCC_WARN_UNUSED_VARIABLE = YES;
				MACOSX_DEPLOYMENT_TARGET = 10.9;
				SDKROOT = macosx;
			};
			name = Release;
		};
		7CD9187619A7B46F00B814F8 /* Debug */ = {
			isa = XCBuildConfiguration;
			baseConfigurationReference = 13C57EC050B27A68CCDA7479 /* Pods.debug.xcconfig */;
			buildSettings = {
				ALWAYS_SEARCH_USER_PATHS = YES;
				COMBINE_HIDPI_IMAGES = YES;
				DEPLOYMENT_LOCATION = YES;
				DSTROOT = "$(HOME)";
				FRAMEWORK_SEARCH_PATHS = "$(inherited)";
				GCC_PRECOMPILE_PREFIX_HEADER = YES;
				GCC_PREFIX_HEADER = "XCSnippetr/Supporting Files/XCSnippetr-Prefix.pch";
				INFOPLIST_FILE = "XCSnippetr/Supporting Files/XCSnippetr-Info.plist";
				INSTALL_PATH = "/Library/Application Support/Developer/Shared/Xcode/Plug-ins";
				LIBRARY_SEARCH_PATHS = "$(inherited)";
				PRODUCT_NAME = XCSnippetr;
				WRAPPER_EXTENSION = xcplugin;
			};
			name = Debug;
		};
		7CD9187719A7B46F00B814F8 /* Release */ = {
			isa = XCBuildConfiguration;
			baseConfigurationReference = 1E2031E9767AAD42CC3D2D95 /* Pods.release.xcconfig */;
			buildSettings = {
				ALWAYS_SEARCH_USER_PATHS = YES;
				COMBINE_HIDPI_IMAGES = YES;
				DEPLOYMENT_LOCATION = YES;
				DSTROOT = "$(HOME)";
				FRAMEWORK_SEARCH_PATHS = "$(inherited)";
				GCC_PRECOMPILE_PREFIX_HEADER = YES;
				GCC_PREFIX_HEADER = "XCSnippetr/Supporting Files/XCSnippetr-Prefix.pch";
				INFOPLIST_FILE = "XCSnippetr/Supporting Files/XCSnippetr-Info.plist";
				INSTALL_PATH = "/Library/Application Support/Developer/Shared/Xcode/Plug-ins";
				LIBRARY_SEARCH_PATHS = "$(inherited)";
				PRODUCT_NAME = XCSnippetr;
				WRAPPER_EXTENSION = xcplugin;
			};
			name = Release;
		};
/* End XCBuildConfiguration section */

/* Begin XCConfigurationList section */
		4F0926311AF7FB1300A64AAF /* Build configuration list for PBXNativeTarget "XCSnippetrTests" */ = {
			isa = XCConfigurationList;
			buildConfigurations = (
				4F0926321AF7FB1300A64AAF /* Debug */,
				4F0926331AF7FB1300A64AAF /* Release */,
			);
			defaultConfigurationIsVisible = 0;
			defaultConfigurationName = Release;
		};
		4FA17DFE1AF494FB0049D26F /* Build configuration list for PBXNativeTarget "XCSnippetrApp" */ = {
			isa = XCConfigurationList;
			buildConfigurations = (
				4FA17DFA1AF494FB0049D26F /* Debug */,
				4FA17DFB1AF494FB0049D26F /* Release */,
			);
			defaultConfigurationIsVisible = 0;
			defaultConfigurationName = Release;
		};
		7CD9185D19A7B46F00B814F8 /* Build configuration list for PBXProject "XCSnippetr-Builder" */ = {
			isa = XCConfigurationList;
			buildConfigurations = (
				7CD9187319A7B46F00B814F8 /* Debug */,
				7CD9187419A7B46F00B814F8 /* Release */,
			);
			defaultConfigurationIsVisible = 0;
			defaultConfigurationName = Release;
		};
		7CD9187519A7B46F00B814F8 /* Build configuration list for PBXNativeTarget "XCSnippetr" */ = {
			isa = XCConfigurationList;
			buildConfigurations = (
				7CD9187619A7B46F00B814F8 /* Debug */,
				7CD9187719A7B46F00B814F8 /* Release */,
			);
			defaultConfigurationIsVisible = 0;
			defaultConfigurationName = Release;
		};
/* End XCConfigurationList section */
	};
	rootObject = 7CD9185A19A7B46F00B814F8 /* Project object */;
}
