// !$*UTF8*$!
{
	archiveVersion = 1;
	classes = {
	};
	objectVersion = 46;
	objects = {

/* Begin PBXBuildFile section */
		4073694FA4AB36FA632DC178 /* libPods-XCSnippetrApp.a in Frameworks */ = {isa = PBXBuildFile; fileRef = D9522A09FE7BF82ECB2045D0 /* libPods-XCSnippetrApp.a */; };
		4F09263E1AF7FC9D00A64AAF /* main.m in Sources */ = {isa = PBXBuildFile; fileRef = 4F0926381AF7FC9D00A64AAF /* main.m */; };
		4F0926401AF7FC9D00A64AAF /* MainMenu.xib in Resources */ = {isa = PBXBuildFile; fileRef = 4F0926391AF7FC9D00A64AAF /* MainMenu.xib */; };
		4F48D0281AF69BD90017717D /* InfoPlist.strings in Resources */ = {isa = PBXBuildFile; fileRef = 4F48D0261AF69BD90017717D /* InfoPlist.strings */; };
		4F48D0291AF69BD90017717D /* InfoPlist.strings in Resources */ = {isa = PBXBuildFile; fileRef = 4F48D0261AF69BD90017717D /* InfoPlist.strings */; };
		4F562CBE1AED95AB00A865CB /* Cocoa.framework in Frameworks */ = {isa = PBXBuildFile; fileRef = 4F562CBD1AED95AB00A865CB /* Cocoa.framework */; };
		4F7E22C91B7914470025D846 /* XCSKit.framework in Copy Satic Frameworks */ = {isa = PBXBuildFile; fileRef = 4FCD260F1B783C950058241B /* XCSKit.framework */; settings = {ATTRIBUTES = (CodeSignOnCopy, RemoveHeadersOnCopy, ); }; };
		4FA17DE61AF494FB0049D26F /* AppDelegate.m in Sources */ = {isa = PBXBuildFile; fileRef = 4FA17DE51AF494FB0049D26F /* AppDelegate.m */; };
		4FA17E0D1AF552390049D26F /* Cocoa.framework in Frameworks */ = {isa = PBXBuildFile; fileRef = 4F562CBD1AED95AB00A865CB /* Cocoa.framework */; };
		4FA17E0E1AF5523E0049D26F /* AppKit.framework in Frameworks */ = {isa = PBXBuildFile; fileRef = 7CD9186519A7B46F00B814F8 /* AppKit.framework */; };
		4FA17E0F1AF552430049D26F /* Foundation.framework in Frameworks */ = {isa = PBXBuildFile; fileRef = 7CD9186719A7B46F00B814F8 /* Foundation.framework */; };
		4FCD26121B783CA30058241B /* XCSKit.framework in Frameworks */ = {isa = PBXBuildFile; fileRef = 4FCD260F1B783C950058241B /* XCSKit.framework */; };
		4FCD26141B7907D70058241B /* XCSKit.framework in Copy Satic Frameworks */ = {isa = PBXBuildFile; fileRef = 4FCD260F1B783C950058241B /* XCSKit.framework */; settings = {ATTRIBUTES = (CodeSignOnCopy, RemoveHeadersOnCopy, ); }; };
		7CD9186619A7B46F00B814F8 /* AppKit.framework in Frameworks */ = {isa = PBXBuildFile; fileRef = 7CD9186519A7B46F00B814F8 /* AppKit.framework */; };
		7CD9186819A7B46F00B814F8 /* Foundation.framework in Frameworks */ = {isa = PBXBuildFile; fileRef = 7CD9186719A7B46F00B814F8 /* Foundation.framework */; };
		AD35F30EC0BBA7F7B8C7625F /* libPods-XCSnippetrPlugin.a in Frameworks */ = {isa = PBXBuildFile; fileRef = E6CF839EB9D963D422C876BD /* libPods-XCSnippetrPlugin.a */; };
		F503CE3D1BAC732F000149D8 /* ACEModeNames+Extension.m in Sources */ = {isa = PBXBuildFile; fileRef = F503CE241BAC732F000149D8 /* ACEModeNames+Extension.m */; settings = {ASSET_TAGS = (); }; };
		F503CE3E1BAC732F000149D8 /* ACEModeNames+Extension.m in Sources */ = {isa = PBXBuildFile; fileRef = F503CE241BAC732F000149D8 /* ACEModeNames+Extension.m */; settings = {ASSET_TAGS = (); }; };
		F503CE3F1BAC732F000149D8 /* NSObject+SmartDescription.m in Sources */ = {isa = PBXBuildFile; fileRef = F503CE261BAC732F000149D8 /* NSObject+SmartDescription.m */; settings = {ASSET_TAGS = (); }; };
		F503CE401BAC732F000149D8 /* NSObject+SmartDescription.m in Sources */ = {isa = PBXBuildFile; fileRef = F503CE261BAC732F000149D8 /* NSObject+SmartDescription.m */; settings = {ASSET_TAGS = (); }; };
		F503CE411BAC732F000149D8 /* NSString+RequestSerialization.m in Sources */ = {isa = PBXBuildFile; fileRef = F503CE281BAC732F000149D8 /* NSString+RequestSerialization.m */; settings = {ASSET_TAGS = (); }; };
		F503CE421BAC732F000149D8 /* NSString+RequestSerialization.m in Sources */ = {isa = PBXBuildFile; fileRef = F503CE281BAC732F000149D8 /* NSString+RequestSerialization.m */; settings = {ASSET_TAGS = (); }; };
		F503CE431BAC732F000149D8 /* NSTextView+Placeholder.m in Sources */ = {isa = PBXBuildFile; fileRef = F503CE2A1BAC732F000149D8 /* NSTextView+Placeholder.m */; settings = {ASSET_TAGS = (); }; };
		F503CE441BAC732F000149D8 /* NSTextView+Placeholder.m in Sources */ = {isa = PBXBuildFile; fileRef = F503CE2A1BAC732F000149D8 /* NSTextView+Placeholder.m */; settings = {ASSET_TAGS = (); }; };
		F503CE451BAC732F000149D8 /* NSWindow+Shake.m in Sources */ = {isa = PBXBuildFile; fileRef = F503CE2C1BAC732F000149D8 /* NSWindow+Shake.m */; settings = {ASSET_TAGS = (); }; };
		F503CE461BAC732F000149D8 /* NSWindow+Shake.m in Sources */ = {isa = PBXBuildFile; fileRef = F503CE2C1BAC732F000149D8 /* NSWindow+Shake.m */; settings = {ASSET_TAGS = (); }; };
		F503CE471BAC732F000149D8 /* XCSLoginViewController.xib in Resources */ = {isa = PBXBuildFile; fileRef = F503CE2E1BAC732F000149D8 /* XCSLoginViewController.xib */; settings = {ASSET_TAGS = (); }; };
		F503CE481BAC732F000149D8 /* XCSLoginViewController.xib in Resources */ = {isa = PBXBuildFile; fileRef = F503CE2E1BAC732F000149D8 /* XCSLoginViewController.xib */; settings = {ASSET_TAGS = (); }; };
		F503CE491BAC732F000149D8 /* XCSMainWindowController.xib in Resources */ = {isa = PBXBuildFile; fileRef = F503CE301BAC732F000149D8 /* XCSMainWindowController.xib */; settings = {ASSET_TAGS = (); }; };
		F503CE4A1BAC732F000149D8 /* XCSMainWindowController.xib in Resources */ = {isa = PBXBuildFile; fileRef = F503CE301BAC732F000149D8 /* XCSMainWindowController.xib */; settings = {ASSET_TAGS = (); }; };
		F503CE4B1BAC732F000149D8 /* XCSLoginViewController.m in Sources */ = {isa = PBXBuildFile; fileRef = F503CE331BAC732F000149D8 /* XCSLoginViewController.m */; settings = {ASSET_TAGS = (); }; };
		F503CE4C1BAC732F000149D8 /* XCSLoginViewController.m in Sources */ = {isa = PBXBuildFile; fileRef = F503CE331BAC732F000149D8 /* XCSLoginViewController.m */; settings = {ASSET_TAGS = (); }; };
		F503CE4D1BAC732F000149D8 /* XCSMainWindowController.m in Sources */ = {isa = PBXBuildFile; fileRef = F503CE351BAC732F000149D8 /* XCSMainWindowController.m */; settings = {ASSET_TAGS = (); }; };
		F503CE4E1BAC732F000149D8 /* XCSMainWindowController.m in Sources */ = {isa = PBXBuildFile; fileRef = F503CE351BAC732F000149D8 /* XCSMainWindowController.m */; settings = {ASSET_TAGS = (); }; };
		F503CE4F1BAC732F000149D8 /* XCSBezelAlert.m in Sources */ = {isa = PBXBuildFile; fileRef = F503CE381BAC732F000149D8 /* XCSBezelAlert.m */; settings = {ASSET_TAGS = (); }; };
		F503CE501BAC732F000149D8 /* XCSBezelAlert.m in Sources */ = {isa = PBXBuildFile; fileRef = F503CE381BAC732F000149D8 /* XCSBezelAlert.m */; settings = {ASSET_TAGS = (); }; };
		F503CE511BAC732F000149D8 /* Images.xcassets in Resources */ = {isa = PBXBuildFile; fileRef = F503CE3B1BAC732F000149D8 /* Images.xcassets */; settings = {ASSET_TAGS = (); }; };
		F503CE521BAC732F000149D8 /* Images.xcassets in Resources */ = {isa = PBXBuildFile; fileRef = F503CE3B1BAC732F000149D8 /* Images.xcassets */; settings = {ASSET_TAGS = (); }; };
		F503CE571BAC74D6000149D8 /* XCSnippetrPlugin.m in Sources */ = {isa = PBXBuildFile; fileRef = F503CE561BAC74D6000149D8 /* XCSnippetrPlugin.m */; settings = {ASSET_TAGS = (); }; };
		F503CE5D1BAC7523000149D8 /* DTXcodeUtils.m in Sources */ = {isa = PBXBuildFile; fileRef = F503CE5C1BAC7523000149D8 /* DTXcodeUtils.m */; settings = {ASSET_TAGS = (); }; };
/* End PBXBuildFile section */

/* Begin PBXContainerItemProxy section */
		4FCD260E1B783C950058241B /* PBXContainerItemProxy */ = {
			isa = PBXContainerItemProxy;
			containerPortal = 4FCD26091B783C950058241B /* XCSKit.xcodeproj */;
			proxyType = 2;
			remoteGlobalIDString = 4FCD257C1B76F32C0058241B;
			remoteInfo = XCSKit;
		};
		4FCD26101B783C950058241B /* PBXContainerItemProxy */ = {
			isa = PBXContainerItemProxy;
			containerPortal = 4FCD26091B783C950058241B /* XCSKit.xcodeproj */;
			proxyType = 2;
			remoteGlobalIDString = 4FCD25871B76F32C0058241B;
			remoteInfo = XCSKitTests;
		};
/* End PBXContainerItemProxy section */

/* Begin PBXCopyFilesBuildPhase section */
		4F7E22C61B79143C0025D846 /* Copy Satic Frameworks */ = {
			isa = PBXCopyFilesBuildPhase;
			buildActionMask = 2147483647;
			dstPath = "";
			dstSubfolderSpec = 10;
			files = (
				4F7E22C91B7914470025D846 /* XCSKit.framework in Copy Satic Frameworks */,
			);
			name = "Copy Satic Frameworks";
			runOnlyForDeploymentPostprocessing = 0;
		};
		4FCD26131B7907CA0058241B /* Copy Satic Frameworks */ = {
			isa = PBXCopyFilesBuildPhase;
			buildActionMask = 2147483647;
			dstPath = "";
			dstSubfolderSpec = 10;
			files = (
				4FCD26141B7907D70058241B /* XCSKit.framework in Copy Satic Frameworks */,
			);
			name = "Copy Satic Frameworks";
			runOnlyForDeploymentPostprocessing = 0;
		};
/* End PBXCopyFilesBuildPhase section */

/* Begin PBXFileReference section */
		094C0656309D1FD1C09ACC30 /* Pods-XCSnippetrTests.release.xcconfig */ = {isa = PBXFileReference; includeInIndex = 1; lastKnownFileType = text.xcconfig; name = "Pods-XCSnippetrTests.release.xcconfig"; path = "Pods/Target Support Files/Pods-XCSnippetrTests/Pods-XCSnippetrTests.release.xcconfig"; sourceTree = "<group>"; };
		0F9714A9E3582D7522A193FA /* libPods-XCSnippetrTests.a */ = {isa = PBXFileReference; explicitFileType = archive.ar; includeInIndex = 0; path = "libPods-XCSnippetrTests.a"; sourceTree = BUILT_PRODUCTS_DIR; };
		46BF28FC457C70987920AAFD /* Pods-XCSnippetrApp.debug.xcconfig */ = {isa = PBXFileReference; includeInIndex = 1; lastKnownFileType = text.xcconfig; name = "Pods-XCSnippetrApp.debug.xcconfig"; path = "Pods/Target Support Files/Pods-XCSnippetrApp/Pods-XCSnippetrApp.debug.xcconfig"; sourceTree = "<group>"; };
		4F0926371AF7FC9D00A64AAF /* Info.plist */ = {isa = PBXFileReference; fileEncoding = 4; lastKnownFileType = text.plist.xml; path = Info.plist; sourceTree = "<group>"; };
		4F0926381AF7FC9D00A64AAF /* main.m */ = {isa = PBXFileReference; fileEncoding = 4; lastKnownFileType = sourcecode.c.objc; path = main.m; sourceTree = "<group>"; };
		4F0926391AF7FC9D00A64AAF /* MainMenu.xib */ = {isa = PBXFileReference; fileEncoding = 4; lastKnownFileType = file.xib; path = MainMenu.xib; sourceTree = "<group>"; };
		4F4282061AED92EC00133F7D /* XCSnippetr-Info.plist */ = {isa = PBXFileReference; fileEncoding = 4; lastKnownFileType = text.plist.xml; path = "XCSnippetr-Info.plist"; sourceTree = "<group>"; };
		4F4282071AED92EC00133F7D /* XCSnippetr-Prefix.pch */ = {isa = PBXFileReference; fileEncoding = 4; lastKnownFileType = sourcecode.c.h; path = "XCSnippetr-Prefix.pch"; sourceTree = "<group>"; };
		4F48D0271AF69BD90017717D /* en */ = {isa = PBXFileReference; lastKnownFileType = text.plist.strings; name = en; path = en.lproj/InfoPlist.strings; sourceTree = "<group>"; };
		4F562CBD1AED95AB00A865CB /* Cocoa.framework */ = {isa = PBXFileReference; lastKnownFileType = wrapper.framework; name = Cocoa.framework; path = System/Library/Frameworks/Cocoa.framework; sourceTree = SDKROOT; };
		4FA17DE01AF494FB0049D26F /* XCSnippetrApp.app */ = {isa = PBXFileReference; explicitFileType = wrapper.application; includeInIndex = 0; path = XCSnippetrApp.app; sourceTree = BUILT_PRODUCTS_DIR; };
		4FA17DE41AF494FB0049D26F /* AppDelegate.h */ = {isa = PBXFileReference; lastKnownFileType = sourcecode.c.h; path = AppDelegate.h; sourceTree = "<group>"; };
		4FA17DE51AF494FB0049D26F /* AppDelegate.m */ = {isa = PBXFileReference; lastKnownFileType = sourcecode.c.objc; path = AppDelegate.m; sourceTree = "<group>"; };
		4FCD26091B783C950058241B /* XCSKit.xcodeproj */ = {isa = PBXFileReference; lastKnownFileType = "wrapper.pb-project"; name = XCSKit.xcodeproj; path = XCSKit/XCSKit.xcodeproj; sourceTree = "<group>"; };
		7CD9186219A7B46F00B814F8 /* XCSnippetr.xcplugin */ = {isa = PBXFileReference; explicitFileType = wrapper.cfbundle; includeInIndex = 0; path = XCSnippetr.xcplugin; sourceTree = BUILT_PRODUCTS_DIR; };
		7CD9186519A7B46F00B814F8 /* AppKit.framework */ = {isa = PBXFileReference; lastKnownFileType = wrapper.framework; name = AppKit.framework; path = System/Library/Frameworks/AppKit.framework; sourceTree = SDKROOT; };
		7CD9186719A7B46F00B814F8 /* Foundation.framework */ = {isa = PBXFileReference; lastKnownFileType = wrapper.framework; name = Foundation.framework; path = System/Library/Frameworks/Foundation.framework; sourceTree = SDKROOT; };
		91A091C846199E92737D0825 /* Pods-XCSnippetrPlugin.release.xcconfig */ = {isa = PBXFileReference; includeInIndex = 1; lastKnownFileType = text.xcconfig; name = "Pods-XCSnippetrPlugin.release.xcconfig"; path = "Pods/Target Support Files/Pods-XCSnippetrPlugin/Pods-XCSnippetrPlugin.release.xcconfig"; sourceTree = "<group>"; };
		94CAB6E5A30389A615C88266 /* Pods-XCSnippetrPlugin.debug.xcconfig */ = {isa = PBXFileReference; includeInIndex = 1; lastKnownFileType = text.xcconfig; name = "Pods-XCSnippetrPlugin.debug.xcconfig"; path = "Pods/Target Support Files/Pods-XCSnippetrPlugin/Pods-XCSnippetrPlugin.debug.xcconfig"; sourceTree = "<group>"; };
		9FD40137E8D18AECB84D0763 /* Pods-XCSnippetrTests.debug.xcconfig */ = {isa = PBXFileReference; includeInIndex = 1; lastKnownFileType = text.xcconfig; name = "Pods-XCSnippetrTests.debug.xcconfig"; path = "Pods/Target Support Files/Pods-XCSnippetrTests/Pods-XCSnippetrTests.debug.xcconfig"; sourceTree = "<group>"; };
		D9522A09FE7BF82ECB2045D0 /* libPods-XCSnippetrApp.a */ = {isa = PBXFileReference; explicitFileType = archive.ar; includeInIndex = 0; path = "libPods-XCSnippetrApp.a"; sourceTree = BUILT_PRODUCTS_DIR; };
		E613728424A0843A56EC0B30 /* Pods-XCSnippetrApp.release.xcconfig */ = {isa = PBXFileReference; includeInIndex = 1; lastKnownFileType = text.xcconfig; name = "Pods-XCSnippetrApp.release.xcconfig"; path = "Pods/Target Support Files/Pods-XCSnippetrApp/Pods-XCSnippetrApp.release.xcconfig"; sourceTree = "<group>"; };
		E6CF839EB9D963D422C876BD /* libPods-XCSnippetrPlugin.a */ = {isa = PBXFileReference; explicitFileType = archive.ar; includeInIndex = 0; path = "libPods-XCSnippetrPlugin.a"; sourceTree = BUILT_PRODUCTS_DIR; };
		F503CE231BAC732F000149D8 /* ACEModeNames+Extension.h */ = {isa = PBXFileReference; fileEncoding = 4; lastKnownFileType = sourcecode.c.h; path = "ACEModeNames+Extension.h"; sourceTree = "<group>"; };
		F503CE241BAC732F000149D8 /* ACEModeNames+Extension.m */ = {isa = PBXFileReference; fileEncoding = 4; lastKnownFileType = sourcecode.c.objc; path = "ACEModeNames+Extension.m"; sourceTree = "<group>"; };
		F503CE251BAC732F000149D8 /* NSObject+SmartDescription.h */ = {isa = PBXFileReference; fileEncoding = 4; lastKnownFileType = sourcecode.c.h; path = "NSObject+SmartDescription.h"; sourceTree = "<group>"; };
		F503CE261BAC732F000149D8 /* NSObject+SmartDescription.m */ = {isa = PBXFileReference; fileEncoding = 4; lastKnownFileType = sourcecode.c.objc; path = "NSObject+SmartDescription.m"; sourceTree = "<group>"; };
		F503CE271BAC732F000149D8 /* NSString+RequestSerialization.h */ = {isa = PBXFileReference; fileEncoding = 4; lastKnownFileType = sourcecode.c.h; path = "NSString+RequestSerialization.h"; sourceTree = "<group>"; };
		F503CE281BAC732F000149D8 /* NSString+RequestSerialization.m */ = {isa = PBXFileReference; fileEncoding = 4; lastKnownFileType = sourcecode.c.objc; path = "NSString+RequestSerialization.m"; sourceTree = "<group>"; };
		F503CE291BAC732F000149D8 /* NSTextView+Placeholder.h */ = {isa = PBXFileReference; fileEncoding = 4; lastKnownFileType = sourcecode.c.h; path = "NSTextView+Placeholder.h"; sourceTree = "<group>"; };
		F503CE2A1BAC732F000149D8 /* NSTextView+Placeholder.m */ = {isa = PBXFileReference; fileEncoding = 4; lastKnownFileType = sourcecode.c.objc; path = "NSTextView+Placeholder.m"; sourceTree = "<group>"; };
		F503CE2B1BAC732F000149D8 /* NSWindow+Shake.h */ = {isa = PBXFileReference; fileEncoding = 4; lastKnownFileType = sourcecode.c.h; path = "NSWindow+Shake.h"; sourceTree = "<group>"; };
		F503CE2C1BAC732F000149D8 /* NSWindow+Shake.m */ = {isa = PBXFileReference; fileEncoding = 4; lastKnownFileType = sourcecode.c.objc; path = "NSWindow+Shake.m"; sourceTree = "<group>"; };
		F503CE2F1BAC732F000149D8 /* en */ = {isa = PBXFileReference; lastKnownFileType = file.xib; name = en; path = en.lproj/XCSLoginViewController.xib; sourceTree = "<group>"; };
		F503CE311BAC732F000149D8 /* en */ = {isa = PBXFileReference; lastKnownFileType = file.xib; name = en; path = en.lproj/XCSMainWindowController.xib; sourceTree = "<group>"; };
		F503CE321BAC732F000149D8 /* XCSLoginViewController.h */ = {isa = PBXFileReference; fileEncoding = 4; lastKnownFileType = sourcecode.c.h; path = XCSLoginViewController.h; sourceTree = "<group>"; };
		F503CE331BAC732F000149D8 /* XCSLoginViewController.m */ = {isa = PBXFileReference; fileEncoding = 4; lastKnownFileType = sourcecode.c.objc; path = XCSLoginViewController.m; sourceTree = "<group>"; };
		F503CE341BAC732F000149D8 /* XCSMainWindowController.h */ = {isa = PBXFileReference; fileEncoding = 4; lastKnownFileType = sourcecode.c.h; path = XCSMainWindowController.h; sourceTree = "<group>"; };
		F503CE351BAC732F000149D8 /* XCSMainWindowController.m */ = {isa = PBXFileReference; fileEncoding = 4; lastKnownFileType = sourcecode.c.objc; path = XCSMainWindowController.m; sourceTree = "<group>"; };
		F503CE371BAC732F000149D8 /* XCSBezelAlert.h */ = {isa = PBXFileReference; fileEncoding = 4; lastKnownFileType = sourcecode.c.h; path = XCSBezelAlert.h; sourceTree = "<group>"; };
		F503CE381BAC732F000149D8 /* XCSBezelAlert.m */ = {isa = PBXFileReference; fileEncoding = 4; lastKnownFileType = sourcecode.c.objc; path = XCSBezelAlert.m; sourceTree = "<group>"; };
		F503CE391BAC732F000149D8 /* XCSStrings.h */ = {isa = PBXFileReference; fileEncoding = 4; lastKnownFileType = sourcecode.c.h; path = XCSStrings.h; sourceTree = "<group>"; };
		F503CE3B1BAC732F000149D8 /* Images.xcassets */ = {isa = PBXFileReference; lastKnownFileType = folder.assetcatalog; path = Images.xcassets; sourceTree = "<group>"; };
		F503CE551BAC74D6000149D8 /* XCSnippetrPlugin.h */ = {isa = PBXFileReference; fileEncoding = 4; lastKnownFileType = sourcecode.c.h; path = XCSnippetrPlugin.h; sourceTree = "<group>"; };
		F503CE561BAC74D6000149D8 /* XCSnippetrPlugin.m */ = {isa = PBXFileReference; fileEncoding = 4; lastKnownFileType = sourcecode.c.objc; path = XCSnippetrPlugin.m; sourceTree = "<group>"; };
		F503CE5A1BAC7523000149D8 /* DTXcodeHeaders.h */ = {isa = PBXFileReference; fileEncoding = 4; lastKnownFileType = sourcecode.c.h; path = DTXcodeHeaders.h; sourceTree = "<group>"; };
		F503CE5B1BAC7523000149D8 /* DTXcodeUtils.h */ = {isa = PBXFileReference; fileEncoding = 4; lastKnownFileType = sourcecode.c.h; path = DTXcodeUtils.h; sourceTree = "<group>"; };
		F503CE5C1BAC7523000149D8 /* DTXcodeUtils.m */ = {isa = PBXFileReference; fileEncoding = 4; lastKnownFileType = sourcecode.c.objc; path = DTXcodeUtils.m; sourceTree = "<group>"; };
/* End PBXFileReference section */

/* Begin PBXFrameworksBuildPhase section */
		4FA17DDD1AF494FB0049D26F /* Frameworks */ = {
			isa = PBXFrameworksBuildPhase;
			buildActionMask = 2147483647;
			files = (
				4FCD26121B783CA30058241B /* XCSKit.framework in Frameworks */,
				4FA17E0F1AF552430049D26F /* Foundation.framework in Frameworks */,
				4FA17E0E1AF5523E0049D26F /* AppKit.framework in Frameworks */,
				4FA17E0D1AF552390049D26F /* Cocoa.framework in Frameworks */,
				4073694FA4AB36FA632DC178 /* libPods-XCSnippetrApp.a in Frameworks */,
			);
			runOnlyForDeploymentPostprocessing = 0;
		};
		7CD9185F19A7B46F00B814F8 /* Frameworks */ = {
			isa = PBXFrameworksBuildPhase;
			buildActionMask = 2147483647;
			files = (
				4F562CBE1AED95AB00A865CB /* Cocoa.framework in Frameworks */,
				7CD9186619A7B46F00B814F8 /* AppKit.framework in Frameworks */,
				7CD9186819A7B46F00B814F8 /* Foundation.framework in Frameworks */,
				AD35F30EC0BBA7F7B8C7625F /* libPods-XCSnippetrPlugin.a in Frameworks */,
			);
			runOnlyForDeploymentPostprocessing = 0;
		};
/* End PBXFrameworksBuildPhase section */

/* Begin PBXGroup section */
		4F0926361AF7FC9D00A64AAF /* Supporting Files */ = {
			isa = PBXGroup;
			children = (
				4F0926371AF7FC9D00A64AAF /* Info.plist */,
				4F0926381AF7FC9D00A64AAF /* main.m */,
				4F0926391AF7FC9D00A64AAF /* MainMenu.xib */,
			);
			path = "Supporting Files";
			sourceTree = "<group>";
		};
		4F4282051AED92EC00133F7D /* Supporting Files */ = {
			isa = PBXGroup;
			children = (
				4F4282061AED92EC00133F7D /* XCSnippetr-Info.plist */,
				4F48D0261AF69BD90017717D /* InfoPlist.strings */,
				4F4282071AED92EC00133F7D /* XCSnippetr-Prefix.pch */,
			);
			path = "Supporting Files";
			sourceTree = "<group>";
		};
		4FA17DE11AF494FB0049D26F /* XCSnippetrApp */ = {
			isa = PBXGroup;
			children = (
				4FA17DE41AF494FB0049D26F /* AppDelegate.h */,
				4FA17DE51AF494FB0049D26F /* AppDelegate.m */,
				4F0926361AF7FC9D00A64AAF /* Supporting Files */,
			);
			path = XCSnippetrApp;
			sourceTree = "<group>";
		};
		4FCD260A1B783C950058241B /* Products */ = {
			isa = PBXGroup;
			children = (
				4FCD260F1B783C950058241B /* XCSKit.framework */,
				4FCD26111B783C950058241B /* XCSKitTests.xctest */,
			);
			name = Products;
			sourceTree = "<group>";
		};
		7CD9185919A7B46F00B814F8 = {
			isa = PBXGroup;
			children = (
				7CD9186919A7B46F00B814F8 /* XCSnippetrPlugin */,
				4FA17DE11AF494FB0049D26F /* XCSnippetrApp */,
				F503CE201BAC732F000149D8 /* XCSnippetr */,
				7CD9186419A7B46F00B814F8 /* Frameworks */,
				7CD9186319A7B46F00B814F8 /* Products */,
				DE75D12ADE4ECFF4B0395284 /* Pods */,
			);
			sourceTree = "<group>";
		};
		7CD9186319A7B46F00B814F8 /* Products */ = {
			isa = PBXGroup;
			children = (
				7CD9186219A7B46F00B814F8 /* XCSnippetr.xcplugin */,
				4FA17DE01AF494FB0049D26F /* XCSnippetrApp.app */,
			);
			name = Products;
			sourceTree = "<group>";
		};
		7CD9186419A7B46F00B814F8 /* Frameworks */ = {
			isa = PBXGroup;
			children = (
				4FCD26091B783C950058241B /* XCSKit.xcodeproj */,
				4F562CBD1AED95AB00A865CB /* Cocoa.framework */,
				7CD9186519A7B46F00B814F8 /* AppKit.framework */,
				7CD9186719A7B46F00B814F8 /* Foundation.framework */,
				D9522A09FE7BF82ECB2045D0 /* libPods-XCSnippetrApp.a */,
				E6CF839EB9D963D422C876BD /* libPods-XCSnippetrPlugin.a */,
				0F9714A9E3582D7522A193FA /* libPods-XCSnippetrTests.a */,
			);
			name = Frameworks;
			sourceTree = "<group>";
		};
		7CD9186919A7B46F00B814F8 /* XCSnippetrPlugin */ = {
			isa = PBXGroup;
			children = (
				F503CE551BAC74D6000149D8 /* XCSnippetrPlugin.h */,
				F503CE561BAC74D6000149D8 /* XCSnippetrPlugin.m */,
				F503CE581BAC7523000149D8 /* Vendor */,
				4F4282051AED92EC00133F7D /* Supporting Files */,
			);
			path = XCSnippetrPlugin;
			sourceTree = "<group>";
		};
		DE75D12ADE4ECFF4B0395284 /* Pods */ = {
			isa = PBXGroup;
			children = (
				46BF28FC457C70987920AAFD /* Pods-XCSnippetrApp.debug.xcconfig */,
				E613728424A0843A56EC0B30 /* Pods-XCSnippetrApp.release.xcconfig */,
				94CAB6E5A30389A615C88266 /* Pods-XCSnippetrPlugin.debug.xcconfig */,
				91A091C846199E92737D0825 /* Pods-XCSnippetrPlugin.release.xcconfig */,
				9FD40137E8D18AECB84D0763 /* Pods-XCSnippetrTests.debug.xcconfig */,
				094C0656309D1FD1C09ACC30 /* Pods-XCSnippetrTests.release.xcconfig */,
			);
			name = Pods;
			sourceTree = "<group>";
		};
		F503CE201BAC732F000149D8 /* XCSnippetr */ = {
			isa = PBXGroup;
			children = (
				F503CE211BAC732F000149D8 /* Class */,
				F503CE3A1BAC732F000149D8 /* Resources */,
				F503CE3C1BAC732F000149D8 /* Vendor */,
			);
			path = XCSnippetr;
			sourceTree = "<group>";
		};
		F503CE211BAC732F000149D8 /* Class */ = {
			isa = PBXGroup;
			children = (
				F503CE391BAC732F000149D8 /* XCSStrings.h */,
				F503CE2D1BAC732F000149D8 /* ViewControllers */,
				F503CE361BAC732F000149D8 /* Views */,
				F503CE221BAC732F000149D8 /* Categories */,
			);
			path = Class;
			sourceTree = "<group>";
		};
		F503CE221BAC732F000149D8 /* Categories */ = {
			isa = PBXGroup;
			children = (
				F503CE231BAC732F000149D8 /* ACEModeNames+Extension.h */,
				F503CE241BAC732F000149D8 /* ACEModeNames+Extension.m */,
				F503CE251BAC732F000149D8 /* NSObject+SmartDescription.h */,
				F503CE261BAC732F000149D8 /* NSObject+SmartDescription.m */,
				F503CE271BAC732F000149D8 /* NSString+RequestSerialization.h */,
				F503CE281BAC732F000149D8 /* NSString+RequestSerialization.m */,
				F503CE291BAC732F000149D8 /* NSTextView+Placeholder.h */,
				F503CE2A1BAC732F000149D8 /* NSTextView+Placeholder.m */,
				F503CE2B1BAC732F000149D8 /* NSWindow+Shake.h */,
				F503CE2C1BAC732F000149D8 /* NSWindow+Shake.m */,
			);
			path = Categories;
			sourceTree = "<group>";
		};
		F503CE2D1BAC732F000149D8 /* ViewControllers */ = {
			isa = PBXGroup;
			children = (
				F503CE341BAC732F000149D8 /* XCSMainWindowController.h */,
				F503CE351BAC732F000149D8 /* XCSMainWindowController.m */,
				F503CE301BAC732F000149D8 /* XCSMainWindowController.xib */,
				F503CE321BAC732F000149D8 /* XCSLoginViewController.h */,
				F503CE331BAC732F000149D8 /* XCSLoginViewController.m */,
				F503CE2E1BAC732F000149D8 /* XCSLoginViewController.xib */,
			);
			path = ViewControllers;
			sourceTree = "<group>";
		};
		F503CE361BAC732F000149D8 /* Views */ = {
			isa = PBXGroup;
			children = (
				F503CE371BAC732F000149D8 /* XCSBezelAlert.h */,
				F503CE381BAC732F000149D8 /* XCSBezelAlert.m */,
			);
			path = Views;
			sourceTree = "<group>";
		};
		F503CE3A1BAC732F000149D8 /* Resources */ = {
			isa = PBXGroup;
			children = (
				F503CE3B1BAC732F000149D8 /* Images.xcassets */,
			);
			path = Resources;
			sourceTree = "<group>";
		};
		F503CE3C1BAC732F000149D8 /* Vendor */ = {
			isa = PBXGroup;
			children = (
			);
			path = Vendor;
			sourceTree = "<group>";
		};
		F503CE581BAC7523000149D8 /* Vendor */ = {
			isa = PBXGroup;
			children = (
				F503CE591BAC7523000149D8 /* DTXcodeUtils */,
			);
			path = Vendor;
			sourceTree = "<group>";
		};
		F503CE591BAC7523000149D8 /* DTXcodeUtils */ = {
			isa = PBXGroup;
			children = (
				F503CE5A1BAC7523000149D8 /* DTXcodeHeaders.h */,
				F503CE5B1BAC7523000149D8 /* DTXcodeUtils.h */,
				F503CE5C1BAC7523000149D8 /* DTXcodeUtils.m */,
			);
			path = DTXcodeUtils;
			sourceTree = "<group>";
		};
/* End PBXGroup section */

/* Begin PBXNativeTarget section */
		4FA17DDF1AF494FB0049D26F /* XCSnippetrApp */ = {
			isa = PBXNativeTarget;
			buildConfigurationList = 4FA17DFE1AF494FB0049D26F /* Build configuration list for PBXNativeTarget "XCSnippetrApp" */;
			buildPhases = (
				50E1B92AAACA38486ED333C0 /* Check Pods Manifest.lock */,
				4FA17DDC1AF494FB0049D26F /* Sources */,
				4FA17DDD1AF494FB0049D26F /* Frameworks */,
				4FA17DDE1AF494FB0049D26F /* Resources */,
				B30866654DEB225BA71A65E2 /* Copy Pods Resources */,
				4FCD26131B7907CA0058241B /* Copy Satic Frameworks */,
			);
			buildRules = (
			);
			dependencies = (
			);
			name = XCSnippetrApp;
			productName = SlackBoardApp;
			productReference = 4FA17DE01AF494FB0049D26F /* XCSnippetrApp.app */;
			productType = "com.apple.product-type.application";
		};
		7CD9186119A7B46F00B814F8 /* XCSnippetrPlugin */ = {
			isa = PBXNativeTarget;
			buildConfigurationList = 7CD9187519A7B46F00B814F8 /* Build configuration list for PBXNativeTarget "XCSnippetrPlugin" */;
			buildPhases = (
				733A225B69822BE7EC0CE930 /* Check Pods Manifest.lock */,
				7CD9185E19A7B46F00B814F8 /* Sources */,
				7CD9185F19A7B46F00B814F8 /* Frameworks */,
				7CD9186019A7B46F00B814F8 /* Resources */,
				4C58F4FA78902F04C69E6FDA /* Copy Pods Resources */,
				4F7E22C61B79143C0025D846 /* Copy Satic Frameworks */,
			);
			buildRules = (
			);
			dependencies = (
			);
			name = XCSnippetrPlugin;
			productName = Example;
			productReference = 7CD9186219A7B46F00B814F8 /* XCSnippetr.xcplugin */;
			productType = "com.apple.product-type.bundle";
		};
/* End PBXNativeTarget section */

/* Begin PBXProject section */
		7CD9185A19A7B46F00B814F8 /* Project object */ = {
			isa = PBXProject;
			attributes = {
				CLASSPREFIX = XCS;
				LastUpgradeCheck = 0700;
				ORGANIZATIONNAME = "DZN Labs";
				TargetAttributes = {
					4FA17DDF1AF494FB0049D26F = {
						CreatedOnToolsVersion = 6.2;
					};
				};
			};
			buildConfigurationList = 7CD9185D19A7B46F00B814F8 /* Build configuration list for PBXProject "XCSnippetr" */;
			compatibilityVersion = "Xcode 3.2";
			developmentRegion = English;
			hasScannedForEncodings = 0;
			knownRegions = (
				en,
			);
			mainGroup = 7CD9185919A7B46F00B814F8;
			productRefGroup = 7CD9186319A7B46F00B814F8 /* Products */;
			projectDirPath = "";
			projectReferences = (
				{
					ProductGroup = 4FCD260A1B783C950058241B /* Products */;
					ProjectRef = 4FCD26091B783C950058241B /* XCSKit.xcodeproj */;
				},
			);
			projectRoot = "";
			targets = (
				7CD9186119A7B46F00B814F8 /* XCSnippetrPlugin */,
				4FA17DDF1AF494FB0049D26F /* XCSnippetrApp */,
			);
		};
/* End PBXProject section */

/* Begin PBXReferenceProxy section */
		4FCD260F1B783C950058241B /* XCSKit.framework */ = {
			isa = PBXReferenceProxy;
			fileType = wrapper.framework;
			path = XCSKit.framework;
			remoteRef = 4FCD260E1B783C950058241B /* PBXContainerItemProxy */;
			sourceTree = BUILT_PRODUCTS_DIR;
		};
		4FCD26111B783C950058241B /* XCSKitTests.xctest */ = {
			isa = PBXReferenceProxy;
			fileType = wrapper.cfbundle;
			path = XCSKitTests.xctest;
			remoteRef = 4FCD26101B783C950058241B /* PBXContainerItemProxy */;
			sourceTree = BUILT_PRODUCTS_DIR;
		};
/* End PBXReferenceProxy section */

/* Begin PBXResourcesBuildPhase section */
		4FA17DDE1AF494FB0049D26F /* Resources */ = {
			isa = PBXResourcesBuildPhase;
			buildActionMask = 2147483647;
			files = (
				F503CE521BAC732F000149D8 /* Images.xcassets in Resources */,
				F503CE481BAC732F000149D8 /* XCSLoginViewController.xib in Resources */,
				F503CE4A1BAC732F000149D8 /* XCSMainWindowController.xib in Resources */,
				4F48D0291AF69BD90017717D /* InfoPlist.strings in Resources */,
				4F0926401AF7FC9D00A64AAF /* MainMenu.xib in Resources */,
			);
			runOnlyForDeploymentPostprocessing = 0;
		};
		7CD9186019A7B46F00B814F8 /* Resources */ = {
			isa = PBXResourcesBuildPhase;
			buildActionMask = 2147483647;
			files = (
				F503CE471BAC732F000149D8 /* XCSLoginViewController.xib in Resources */,
				F503CE511BAC732F000149D8 /* Images.xcassets in Resources */,
				F503CE491BAC732F000149D8 /* XCSMainWindowController.xib in Resources */,
				4F48D0281AF69BD90017717D /* InfoPlist.strings in Resources */,
			);
			runOnlyForDeploymentPostprocessing = 0;
		};
/* End PBXResourcesBuildPhase section */

/* Begin PBXShellScriptBuildPhase section */
		4C58F4FA78902F04C69E6FDA /* Copy Pods Resources */ = {
			isa = PBXShellScriptBuildPhase;
			buildActionMask = 2147483647;
			files = (
			);
			inputPaths = (
			);
			name = "Copy Pods Resources";
			outputPaths = (
			);
			runOnlyForDeploymentPostprocessing = 0;
			shellPath = /bin/sh;
			shellScript = "\"${SRCROOT}/Pods/Target Support Files/Pods-XCSnippetrPlugin/Pods-XCSnippetrPlugin-resources.sh\"\n";
			showEnvVarsInLog = 0;
		};
		50E1B92AAACA38486ED333C0 /* Check Pods Manifest.lock */ = {
			isa = PBXShellScriptBuildPhase;
			buildActionMask = 2147483647;
			files = (
			);
			inputPaths = (
			);
			name = "Check Pods Manifest.lock";
			outputPaths = (
			);
			runOnlyForDeploymentPostprocessing = 0;
			shellPath = /bin/sh;
			shellScript = "diff \"${PODS_ROOT}/../Podfile.lock\" \"${PODS_ROOT}/Manifest.lock\" > /dev/null\nif [[ $? != 0 ]] ; then\n    cat << EOM\nerror: The sandbox is not in sync with the Podfile.lock. Run 'pod install' or update your CocoaPods installation.\nEOM\n    exit 1\nfi\n";
			showEnvVarsInLog = 0;
		};
		733A225B69822BE7EC0CE930 /* Check Pods Manifest.lock */ = {
			isa = PBXShellScriptBuildPhase;
			buildActionMask = 2147483647;
			files = (
			);
			inputPaths = (
			);
			name = "Check Pods Manifest.lock";
			outputPaths = (
			);
			runOnlyForDeploymentPostprocessing = 0;
			shellPath = /bin/sh;
			shellScript = "diff \"${PODS_ROOT}/../Podfile.lock\" \"${PODS_ROOT}/Manifest.lock\" > /dev/null\nif [[ $? != 0 ]] ; then\n    cat << EOM\nerror: The sandbox is not in sync with the Podfile.lock. Run 'pod install' or update your CocoaPods installation.\nEOM\n    exit 1\nfi\n";
			showEnvVarsInLog = 0;
		};
		B30866654DEB225BA71A65E2 /* Copy Pods Resources */ = {
			isa = PBXShellScriptBuildPhase;
			buildActionMask = 2147483647;
			files = (
			);
			inputPaths = (
			);
			name = "Copy Pods Resources";
			outputPaths = (
			);
			runOnlyForDeploymentPostprocessing = 0;
			shellPath = /bin/sh;
			shellScript = "\"${SRCROOT}/Pods/Target Support Files/Pods-XCSnippetrApp/Pods-XCSnippetrApp-resources.sh\"\n";
			showEnvVarsInLog = 0;
		};
/* End PBXShellScriptBuildPhase section */

/* Begin PBXSourcesBuildPhase section */
		4FA17DDC1AF494FB0049D26F /* Sources */ = {
			isa = PBXSourcesBuildPhase;
			buildActionMask = 2147483647;
			files = (
				F503CE441BAC732F000149D8 /* NSTextView+Placeholder.m in Sources */,
				F503CE401BAC732F000149D8 /* NSObject+SmartDescription.m in Sources */,
				4F09263E1AF7FC9D00A64AAF /* main.m in Sources */,
				F503CE3E1BAC732F000149D8 /* ACEModeNames+Extension.m in Sources */,
				F503CE461BAC732F000149D8 /* NSWindow+Shake.m in Sources */,
				F503CE501BAC732F000149D8 /* XCSBezelAlert.m in Sources */,
				F503CE421BAC732F000149D8 /* NSString+RequestSerialization.m in Sources */,
				F503CE4C1BAC732F000149D8 /* XCSLoginViewController.m in Sources */,
				F503CE4E1BAC732F000149D8 /* XCSMainWindowController.m in Sources */,
				4FA17DE61AF494FB0049D26F /* AppDelegate.m in Sources */,
			);
			runOnlyForDeploymentPostprocessing = 0;
		};
		7CD9185E19A7B46F00B814F8 /* Sources */ = {
			isa = PBXSourcesBuildPhase;
			buildActionMask = 2147483647;
			files = (
				F503CE431BAC732F000149D8 /* NSTextView+Placeholder.m in Sources */,
				F503CE4D1BAC732F000149D8 /* XCSMainWindowController.m in Sources */,
				F503CE3F1BAC732F000149D8 /* NSObject+SmartDescription.m in Sources */,
				F503CE3D1BAC732F000149D8 /* ACEModeNames+Extension.m in Sources */,
				F503CE4F1BAC732F000149D8 /* XCSBezelAlert.m in Sources */,
				F503CE4B1BAC732F000149D8 /* XCSLoginViewController.m in Sources */,
				F503CE411BAC732F000149D8 /* NSString+RequestSerialization.m in Sources */,
				F503CE5D1BAC7523000149D8 /* DTXcodeUtils.m in Sources */,
				F503CE451BAC732F000149D8 /* NSWindow+Shake.m in Sources */,
				F503CE571BAC74D6000149D8 /* XCSnippetrPlugin.m in Sources */,
			);
			runOnlyForDeploymentPostprocessing = 0;
		};
/* End PBXSourcesBuildPhase section */

/* Begin PBXVariantGroup section */
		4F48D0261AF69BD90017717D /* InfoPlist.strings */ = {
			isa = PBXVariantGroup;
			children = (
				4F48D0271AF69BD90017717D /* en */,
			);
			name = InfoPlist.strings;
			sourceTree = "<group>";
		};
		F503CE2E1BAC732F000149D8 /* XCSLoginViewController.xib */ = {
			isa = PBXVariantGroup;
			children = (
				F503CE2F1BAC732F000149D8 /* en */,
			);
			name = XCSLoginViewController.xib;
			sourceTree = "<group>";
		};
		F503CE301BAC732F000149D8 /* XCSMainWindowController.xib */ = {
			isa = PBXVariantGroup;
			children = (
				F503CE311BAC732F000149D8 /* en */,
			);
			name = XCSMainWindowController.xib;
			sourceTree = "<group>";
		};
/* End PBXVariantGroup section */

/* Begin XCBuildConfiguration section */
		4FA17DFA1AF494FB0049D26F /* Debug */ = {
			isa = XCBuildConfiguration;
			baseConfigurationReference = 46BF28FC457C70987920AAFD /* Pods-XCSnippetrApp.debug.xcconfig */;
			buildSettings = {
				ALWAYS_SEARCH_USER_PATHS = YES;
				CLANG_WARN_UNREACHABLE_CODE = YES;
				CODE_SIGN_IDENTITY = "-";
				COMBINE_HIDPI_IMAGES = YES;
				ENABLE_STRICT_OBJC_MSGSEND = YES;
				GCC_PREPROCESSOR_DEFINITIONS = (
					"DEBUG=1",
					"$(inherited)",
				);
				INFOPLIST_FILE = "XCSnippetrApp/Supporting Files/Info.plist";
				LD_RUNPATH_SEARCH_PATHS = "$(inherited) @executable_path/../Frameworks";
				LIBRARY_SEARCH_PATHS = "$(inherited)";
				MACOSX_DEPLOYMENT_TARGET = 10.10;
				MTL_ENABLE_DEBUG_INFO = YES;
				PRODUCT_BUNDLE_IDENTIFIER = com.dzn.XCSnippetrApp;
				PRODUCT_NAME = XCSnippetrApp;
			};
			name = Debug;
		};
		4FA17DFB1AF494FB0049D26F /* Release */ = {
			isa = XCBuildConfiguration;
			baseConfigurationReference = E613728424A0843A56EC0B30 /* Pods-XCSnippetrApp.release.xcconfig */;
			buildSettings = {
				ALWAYS_SEARCH_USER_PATHS = YES;
				CLANG_WARN_UNREACHABLE_CODE = YES;
				CODE_SIGN_IDENTITY = "-";
				COMBINE_HIDPI_IMAGES = YES;
				COPY_PHASE_STRIP = NO;
				ENABLE_STRICT_OBJC_MSGSEND = YES;
				INFOPLIST_FILE = "XCSnippetrApp/Supporting Files/Info.plist";
				LD_RUNPATH_SEARCH_PATHS = "$(inherited) @executable_path/../Frameworks";
				LIBRARY_SEARCH_PATHS = "$(inherited)";
				MACOSX_DEPLOYMENT_TARGET = 10.10;
				MTL_ENABLE_DEBUG_INFO = NO;
				PRODUCT_BUNDLE_IDENTIFIER = com.dzn.XCSnippetrApp;
				PRODUCT_NAME = XCSnippetrApp;
			};
			name = Release;
		};
		7CD9187319A7B46F00B814F8 /* Debug */ = {
			isa = XCBuildConfiguration;
			buildSettings = {
				ALWAYS_SEARCH_USER_PATHS = NO;
				CLANG_CXX_LANGUAGE_STANDARD = "gnu++0x";
				CLANG_CXX_LIBRARY = "libc++";
				CLANG_ENABLE_MODULES = YES;
				CLANG_ENABLE_OBJC_ARC = YES;
				CLANG_WARN_BOOL_CONVERSION = YES;
				CLANG_WARN_CONSTANT_CONVERSION = YES;
				CLANG_WARN_DIRECT_OBJC_ISA_USAGE = YES_ERROR;
				CLANG_WARN_EMPTY_BODY = YES;
				CLANG_WARN_ENUM_CONVERSION = YES;
				CLANG_WARN_INT_CONVERSION = YES;
				CLANG_WARN_OBJC_ROOT_CLASS = YES_ERROR;
				CLANG_WARN__DUPLICATE_METHOD_MATCH = YES;
				COPY_PHASE_STRIP = NO;
				ENABLE_TESTABILITY = YES;
				GCC_C_LANGUAGE_STANDARD = gnu99;
				GCC_DYNAMIC_NO_PIC = NO;
				GCC_ENABLE_OBJC_EXCEPTIONS = YES;
				GCC_OPTIMIZATION_LEVEL = 0;
				GCC_PREPROCESSOR_DEFINITIONS = (
					"DEBUG=1",
					"$(inherited)",
				);
				GCC_SYMBOLS_PRIVATE_EXTERN = NO;
				GCC_WARN_64_TO_32_BIT_CONVERSION = YES;
				GCC_WARN_ABOUT_RETURN_TYPE = YES_ERROR;
				GCC_WARN_UNDECLARED_SELECTOR = YES;
				GCC_WARN_UNINITIALIZED_AUTOS = YES_AGGRESSIVE;
				GCC_WARN_UNUSED_FUNCTION = YES;
				GCC_WARN_UNUSED_VARIABLE = YES;
				MACOSX_DEPLOYMENT_TARGET = 10.9;
				ONLY_ACTIVE_ARCH = YES;
				SDKROOT = macosx;
			};
			name = Debug;
		};
		7CD9187419A7B46F00B814F8 /* Release */ = {
			isa = XCBuildConfiguration;
			buildSettings = {
				ALWAYS_SEARCH_USER_PATHS = NO;
				CLANG_CXX_LANGUAGE_STANDARD = "gnu++0x";
				CLANG_CXX_LIBRARY = "libc++";
				CLANG_ENABLE_MODULES = YES;
				CLANG_ENABLE_OBJC_ARC = YES;
				CLANG_WARN_BOOL_CONVERSION = YES;
				CLANG_WARN_CONSTANT_CONVERSION = YES;
				CLANG_WARN_DIRECT_OBJC_ISA_USAGE = YES_ERROR;
				CLANG_WARN_EMPTY_BODY = YES;
				CLANG_WARN_ENUM_CONVERSION = YES;
				CLANG_WARN_INT_CONVERSION = YES;
				CLANG_WARN_OBJC_ROOT_CLASS = YES_ERROR;
				CLANG_WARN__DUPLICATE_METHOD_MATCH = YES;
				COPY_PHASE_STRIP = YES;
				DEBUG_INFORMATION_FORMAT = "dwarf-with-dsym";
				ENABLE_NS_ASSERTIONS = NO;
				GCC_C_LANGUAGE_STANDARD = gnu99;
				GCC_ENABLE_OBJC_EXCEPTIONS = YES;
				GCC_WARN_64_TO_32_BIT_CONVERSION = YES;
				GCC_WARN_ABOUT_RETURN_TYPE = YES_ERROR;
				GCC_WARN_UNDECLARED_SELECTOR = YES;
				GCC_WARN_UNINITIALIZED_AUTOS = YES_AGGRESSIVE;
				GCC_WARN_UNUSED_FUNCTION = YES;
				GCC_WARN_UNUSED_VARIABLE = YES;
				MACOSX_DEPLOYMENT_TARGET = 10.9;
				SDKROOT = macosx;
			};
			name = Release;
		};
		7CD9187619A7B46F00B814F8 /* Debug */ = {
			isa = XCBuildConfiguration;
			baseConfigurationReference = 94CAB6E5A30389A615C88266 /* Pods-XCSnippetrPlugin.debug.xcconfig */;
			buildSettings = {
				ALWAYS_SEARCH_USER_PATHS = YES;
				COMBINE_HIDPI_IMAGES = YES;
				DEPLOYMENT_LOCATION = YES;
				DSTROOT = "$(HOME)";
				FRAMEWORK_SEARCH_PATHS = (
					"$(inherited)",
					"$(PLATFORM_DEVELOPER_LIBRARY_DIR)/../../Frameworks",
					"$(PLATFORM_DEVELOPER_LIBRARY_DIR)/../../SharedFrameworks",
					"$(SYSTEM_APPS_DIR)/Xcode.app/Contents/Frameworks",
					"$(SYSTEM_APPS_DIR)/Xcode.app/Contents/SharedFrameworks",
				);
				GCC_PRECOMPILE_PREFIX_HEADER = YES;
				GCC_PREFIX_HEADER = "XCSnippetrPlugin/Supporting Files/XCSnippetr-Prefix.pch";
				INFOPLIST_FILE = "XCSnippetrPlugin/Supporting Files/XCSnippetr-Info.plist";
				INSTALL_PATH = "/Library/Application Support/Developer/Shared/Xcode/Plug-ins";
				LD_RUNPATH_SEARCH_PATHS = "@loader_path/../Frameworks";
				LIBRARY_SEARCH_PATHS = "$(inherited)";
				PRODUCT_BUNDLE_IDENTIFIER = com.dzn.XCSnippetrPlugin;
				PRODUCT_NAME = XCSnippetr;
				WRAPPER_EXTENSION = xcplugin;
			};
			name = Debug;
		};
		7CD9187719A7B46F00B814F8 /* Release */ = {
			isa = XCBuildConfiguration;
			baseConfigurationReference = 91A091C846199E92737D0825 /* Pods-XCSnippetrPlugin.release.xcconfig */;
			buildSettings = {
				ALWAYS_SEARCH_USER_PATHS = YES;
				COMBINE_HIDPI_IMAGES = YES;
				DEPLOYMENT_LOCATION = YES;
				DSTROOT = "$(HOME)";
				FRAMEWORK_SEARCH_PATHS = (
					"$(inherited)",
					"$(PLATFORM_DEVELOPER_LIBRARY_DIR)/../../Frameworks",
					"$(PLATFORM_DEVELOPER_LIBRARY_DIR)/../../SharedFrameworks",
					"$(SYSTEM_APPS_DIR)/Xcode.app/Contents/Frameworks",
					"$(SYSTEM_APPS_DIR)/Xcode.app/Contents/SharedFrameworks",
				);
				GCC_PRECOMPILE_PREFIX_HEADER = YES;
				GCC_PREFIX_HEADER = "XCSnippetrPlugin/Supporting Files/XCSnippetr-Prefix.pch";
				INFOPLIST_FILE = "XCSnippetrPlugin/Supporting Files/XCSnippetr-Info.plist";
				INSTALL_PATH = "/Library/Application Support/Developer/Shared/Xcode/Plug-ins";
				LD_RUNPATH_SEARCH_PATHS = "@loader_path/../Frameworks";
				LIBRARY_SEARCH_PATHS = "$(inherited)";
				PRODUCT_BUNDLE_IDENTIFIER = com.dzn.XCSnippetrPlugin;
				PRODUCT_NAME = XCSnippetr;
				WRAPPER_EXTENSION = xcplugin;
			};
			name = Release;
		};
/* End XCBuildConfiguration section */

/* Begin XCConfigurationList section */
		4FA17DFE1AF494FB0049D26F /* Build configuration list for PBXNativeTarget "XCSnippetrApp" */ = {
			isa = XCConfigurationList;
			buildConfigurations = (
				4FA17DFA1AF494FB0049D26F /* Debug */,
				4FA17DFB1AF494FB0049D26F /* Release */,
			);
			defaultConfigurationIsVisible = 0;
			defaultConfigurationName = Release;
		};
		7CD9185D19A7B46F00B814F8 /* Build configuration list for PBXProject "XCSnippetr" */ = {
			isa = XCConfigurationList;
			buildConfigurations = (
				7CD9187319A7B46F00B814F8 /* Debug */,
				7CD9187419A7B46F00B814F8 /* Release */,
			);
			defaultConfigurationIsVisible = 0;
			defaultConfigurationName = Release;
		};
		7CD9187519A7B46F00B814F8 /* Build configuration list for PBXNativeTarget "XCSnippetrPlugin" */ = {
			isa = XCConfigurationList;
			buildConfigurations = (
				7CD9187619A7B46F00B814F8 /* Debug */,
				7CD9187719A7B46F00B814F8 /* Release */,
			);
			defaultConfigurationIsVisible = 0;
			defaultConfigurationName = Release;
		};
/* End XCConfigurationList section */
	};
	rootObject = 7CD9185A19A7B46F00B814F8 /* Project object */;
}
