// !$*UTF8*$!
{
	archiveVersion = 1;
	classes = {
	};
	objectVersion = 46;
	objects = {

/* Begin PBXAggregateTarget section */
		4F71F82D1B726DE100D1D0BB /* XCSnippetr */ = {
			isa = PBXAggregateTarget;
			buildConfigurationList = 4F71F8301B726DE100D1D0BB /* Build configuration list for PBXAggregateTarget "XCSnippetr" */;
			buildPhases = (
				4F71F8311B726DEA00D1D0BB /* ShellScript */,
			);
			dependencies = (
			);
			name = XCSnippetr;
			productName = XCSnippetr;
		};
/* End PBXAggregateTarget section */

/* Begin PBXGroup section */
		4F71F8261B726DBB00D1D0BB = {
			isa = PBXGroup;
			children = (
			);
			sourceTree = "<group>";
		};
/* End PBXGroup section */

/* Begin PBXProject section */
		4F71F8271B726DBB00D1D0BB /* Project object */ = {
			isa = PBXProject;
			attributes = {
				LastUpgradeCheck = 0630;
				TargetAttributes = {
					4F71F82D1B726DE100D1D0BB = {
						CreatedOnToolsVersion = 6.3;
					};
				};
			};
			buildConfigurationList = 4F71F82A1B726DBB00D1D0BB /* Build configuration list for PBXProject "XCSnippetr" */;
			compatibilityVersion = "Xcode 3.2";
			developmentRegion = English;
			hasScannedForEncodings = 0;
			knownRegions = (
				en,
			);
			mainGroup = 4F71F8261B726DBB00D1D0BB;
			projectDirPath = "";
			projectRoot = "";
			targets = (
				4F71F82D1B726DE100D1D0BB /* XCSnippetr */,
			);
		};
/* End PBXProject section */

/* Begin PBXShellScriptBuildPhase section */
		4F71F8311B726DEA00D1D0BB /* ShellScript */ = {
			isa = PBXShellScriptBuildPhase;
			buildActionMask = 2147483647;
			files = (
			);
			inputPaths = (
			);
			outputPaths = (
			);
			runOnlyForDeploymentPostprocessing = 0;
			shellPath = /bin/sh;
			shellScript = "xcodebuild -workspace XCSnippetr-Builder.xcworkspace -scheme XCSnippetr";
		};
/* End PBXShellScriptBuildPhase section */

/* Begin XCBuildConfiguration section */
		4F71F82B1B726DBB00D1D0BB /* Debug */ = {
			isa = XCBuildConfiguration;
			buildSettings = {
			};
			name = Debug;
		};
		4F71F82C1B726DBB00D1D0BB /* Release */ = {
			isa = XCBuildConfiguration;
			buildSettings = {
			};
			name = Release;
		};
		4F71F82E1B726DE100D1D0BB /* Debug */ = {
			isa = XCBuildConfiguration;
			buildSettings = {
				ONLY_ACTIVE_ARCH = YES;
				PRODUCT_NAME = "$(TARGET_NAME)";
			};
			name = Debug;
		};
		4F71F82F1B726DE100D1D0BB /* Release */ = {
			isa = XCBuildConfiguration;
			buildSettings = {
				PRODUCT_NAME = "$(TARGET_NAME)";
			};
			name = Release;
		};
/* End XCBuildConfiguration section */

/* Begin XCConfigurationList section */
		4F71F82A1B726DBB00D1D0BB /* Build configuration list for PBXProject "XCSnippetr" */ = {
			isa = XCConfigurationList;
			buildConfigurations = (
				4F71F82B1B726DBB00D1D0BB /* Debug */,
				4F71F82C1B726DBB00D1D0BB /* Release */,
			);
			defaultConfigurationIsVisible = 0;
			defaultConfigurationName = Release;
		};
		4F71F8301B726DE100D1D0BB /* Build configuration list for PBXAggregateTarget "XCSnippetr" */ = {
			isa = XCConfigurationList;
			buildConfigurations = (
				4F71F82E1B726DE100D1D0BB /* Debug */,
				4F71F82F1B726DE100D1D0BB /* Release */,
			);
			defaultConfigurationIsVisible = 0;
		};
/* End XCConfigurationList section */
	};
	rootObject = 4F71F8271B726DBB00D1D0BB /* Project object */;
}
